// !$*UTF8*$!
{
	archiveVersion = 1;
	classes = {
	};
	objectVersion = 56;
	objects = {

/* Begin PBXBuildFile section */
		514863732AE1D0E40028751E /* Exam2_McQuade_MichaelApp.swift in Sources */ = {isa = PBXBuildFile; fileRef = 514863722AE1D0E40028751E /* Exam2_McQuade_MichaelApp.swift */; };
		514863752AE1D0E40028751E /* ContentView.swift in Sources */ = {isa = PBXBuildFile; fileRef = 514863742AE1D0E40028751E /* ContentView.swift */; };
		514863772AE1D0E60028751E /* Assets.xcassets in Resources */ = {isa = PBXBuildFile; fileRef = 514863762AE1D0E60028751E /* Assets.xcassets */; };
		5148637A2AE1D0E60028751E /* Preview Assets.xcassets in Resources */ = {isa = PBXBuildFile; fileRef = 514863792AE1D0E60028751E /* Preview Assets.xcassets */; };
		514863812AE1D37F0028751E /* findable.swift in Sources */ = {isa = PBXBuildFile; fileRef = 514863802AE1D37F0028751E /* findable.swift */; };
/* End PBXBuildFile section */

/* Begin PBXFileReference section */
		5148636F2AE1D0E40028751E /* Exam2_McQuade_Michael.app */ = {isa = PBXFileReference; explicitFileType = wrapper.application; includeInIndex = 0; path = Exam2_McQuade_Michael.app; sourceTree = BUILT_PRODUCTS_DIR; };
		514863722AE1D0E40028751E /* Exam2_McQuade_MichaelApp.swift */ = {isa = PBXFileReference; lastKnownFileType = sourcecode.swift; path = Exam2_McQuade_MichaelApp.swift; sourceTree = "<group>"; };
		514863742AE1D0E40028751E /* ContentView.swift */ = {isa = PBXFileReference; lastKnownFileType = sourcecode.swift; path = ContentView.swift; sourceTree = "<group>"; };
		514863762AE1D0E60028751E /* Assets.xcassets */ = {isa = PBXFileReference; lastKnownFileType = folder.assetcatalog; path = Assets.xcassets; sourceTree = "<group>"; };
		514863792AE1D0E60028751E /* Preview Assets.xcassets */ = {isa = PBXFileReference; lastKnownFileType = folder.assetcatalog; path = "Preview Assets.xcassets"; sourceTree = "<group>"; };
		514863802AE1D37F0028751E /* findable.swift */ = {isa = PBXFileReference; lastKnownFileType = sourcecode.swift; path = findable.swift; sourceTree = "<group>"; };
		514863862AE1F4DF0028751E /* Exam2-McQuade-Michael-Info.plist */ = {isa = PBXFileReference; lastKnownFileType = text.plist; path = "Exam2-McQuade-Michael-Info.plist"; sourceTree = SOURCE_ROOT; };
/* End PBXFileReference section */

/* Begin PBXFrameworksBuildPhase section */
		5148636C2AE1D0E40028751E /* Frameworks */ = {
			isa = PBXFrameworksBuildPhase;
			buildActionMask = 2147483647;
			files = (
			);
			runOnlyForDeploymentPostprocessing = 0;
		};
/* End PBXFrameworksBuildPhase section */

/* Begin PBXGroup section */
		514863662AE1D0E40028751E = {
			isa = PBXGroup;
			children = (
				514863712AE1D0E40028751E /* Exam2_McQuade_Michael */,
				514863702AE1D0E40028751E /* Products */,
			);
			sourceTree = "<group>";
		};
		514863702AE1D0E40028751E /* Products */ = {
			isa = PBXGroup;
			children = (
				5148636F2AE1D0E40028751E /* Exam2_McQuade_Michael.app */,
			);
			name = Products;
			sourceTree = "<group>";
		};
		514863712AE1D0E40028751E /* Exam2_McQuade_Michael */ = {
			isa = PBXGroup;
			children = (
				514863862AE1F4DF0028751E /* Exam2-McQuade-Michael-Info.plist */,
				514863722AE1D0E40028751E /* Exam2_McQuade_MichaelApp.swift */,
				514863742AE1D0E40028751E /* ContentView.swift */,
				514863762AE1D0E60028751E /* Assets.xcassets */,
				514863782AE1D0E60028751E /* Preview Content */,
				514863802AE1D37F0028751E /* findable.swift */,
			);
			path = Exam2_McQuade_Michael;
			sourceTree = "<group>";
		};
		514863782AE1D0E60028751E /* Preview Content */ = {
			isa = PBXGroup;
			children = (
				514863792AE1D0E60028751E /* Preview Assets.xcassets */,
			);
			path = "Preview Content";
			sourceTree = "<group>";
		};
/* End PBXGroup section */

/* Begin PBXNativeTarget section */
		5148636E2AE1D0E40028751E /* Exam2_McQuade_Michael */ = {
			isa = PBXNativeTarget;
			buildConfigurationList = 5148637D2AE1D0E60028751E /* Build configuration list for PBXNativeTarget "Exam2_McQuade_Michael" */;
			buildPhases = (
				5148636B2AE1D0E40028751E /* Sources */,
				5148636C2AE1D0E40028751E /* Frameworks */,
				5148636D2AE1D0E40028751E /* Resources */,
			);
			buildRules = (
			);
			dependencies = (
			);
			name = Exam2_McQuade_Michael;
			productName = Exam2_McQuade_Michael;
			productReference = 5148636F2AE1D0E40028751E /* Exam2_McQuade_Michael.app */;
			productType = "com.apple.product-type.application";
		};
/* End PBXNativeTarget section */

/* Begin PBXProject section */
		514863672AE1D0E40028751E /* Project object */ = {
			isa = PBXProject;
			attributes = {
				BuildIndependentTargetsInParallel = 1;
				LastSwiftUpdateCheck = 1430;
				LastUpgradeCheck = 1430;
				TargetAttributes = {
					5148636E2AE1D0E40028751E = {
						CreatedOnToolsVersion = 14.3.1;
					};
				};
			};
			buildConfigurationList = 5148636A2AE1D0E40028751E /* Build configuration list for PBXProject "Exam2_McQuade_Michael" */;
			compatibilityVersion = "Xcode 14.0";
			developmentRegion = en;
			hasScannedForEncodings = 0;
			knownRegions = (
				en,
				Base,
			);
			mainGroup = 514863662AE1D0E40028751E;
			productRefGroup = 514863702AE1D0E40028751E /* Products */;
			projectDirPath = "";
			projectRoot = "";
			targets = (
				5148636E2AE1D0E40028751E /* Exam2_McQuade_Michael */,
			);
		};
/* End PBXProject section */

/* Begin PBXResourcesBuildPhase section */
		5148636D2AE1D0E40028751E /* Resources */ = {
			isa = PBXResourcesBuildPhase;
			buildActionMask = 2147483647;
			files = (
				5148637A2AE1D0E60028751E /* Preview Assets.xcassets in Resources */,
				514863772AE1D0E60028751E /* Assets.xcassets in Resources */,
			);
			runOnlyForDeploymentPostprocessing = 0;
		};
/* End PBXResourcesBuildPhase section */

/* Begin PBXSourcesBuildPhase section */
		5148636B2AE1D0E40028751E /* Sources */ = {
			isa = PBXSourcesBuildPhase;
			buildActionMask = 2147483647;
			files = (
				514863752AE1D0E40028751E /* ContentView.swift in Sources */,
				514863732AE1D0E40028751E /* Exam2_McQuade_MichaelApp.swift in Sources */,
				514863812AE1D37F0028751E /* findable.swift in Sources */,
			);
			runOnlyForDeploymentPostprocessing = 0;
		};
/* End PBXSourcesBuildPhase section */

/* Begin XCBuildConfiguration section */
		5148637B2AE1D0E60028751E /* Debug */ = {
			isa = XCBuildConfiguration;
			buildSettings = {
				ALWAYS_SEARCH_USER_PATHS = NO;
				CLANG_ANALYZER_NONNULL = YES;
				CLANG_ANALYZER_NUMBER_OBJECT_CONVERSION = YES_AGGRESSIVE;
				CLANG_CXX_LANGUAGE_STANDARD = "gnu++20";
				CLANG_ENABLE_MODULES = YES;
				CLANG_ENABLE_OBJC_ARC = YES;
				CLANG_ENABLE_OBJC_WEAK = YES;
				CLANG_WARN_BLOCK_CAPTURE_AUTORELEASING = YES;
				CLANG_WARN_BOOL_CONVERSION = YES;
				CLANG_WARN_COMMA = YES;
				CLANG_WARN_CONSTANT_CONVERSION = YES;
				CLANG_WARN_DEPRECATED_OBJC_IMPLEMENTATIONS = YES;
				CLANG_WARN_DIRECT_OBJC_ISA_USAGE = YES_ERROR;
				CLANG_WARN_DOCUMENTATION_COMMENTS = YES;
				CLANG_WARN_EMPTY_BODY = YES;
				CLANG_WARN_ENUM_CONVERSION = YES;
				CLANG_WARN_INFINITE_RECURSION = YES;
				CLANG_WARN_INT_CONVERSION = YES;
				CLANG_WARN_NON_LITERAL_NULL_CONVERSION = YES;
				CLANG_WARN_OBJC_IMPLICIT_RETAIN_SELF = YES;
				CLANG_WARN_OBJC_LITERAL_CONVERSION = YES;
				CLANG_WARN_OBJC_ROOT_CLASS = YES_ERROR;
				CLANG_WARN_QUOTED_INCLUDE_IN_FRAMEWORK_HEADER = YES;
				CLANG_WARN_RANGE_LOOP_ANALYSIS = YES;
				CLANG_WARN_STRICT_PROTOTYPES = YES;
				CLANG_WARN_SUSPICIOUS_MOVE = YES;
				CLANG_WARN_UNGUARDED_AVAILABILITY = YES_AGGRESSIVE;
				CLANG_WARN_UNREACHABLE_CODE = YES;
				CLANG_WARN__DUPLICATE_METHOD_MATCH = YES;
				COPY_PHASE_STRIP = NO;
				DEBUG_INFORMATION_FORMAT = dwarf;
				ENABLE_STRICT_OBJC_MSGSEND = YES;
				ENABLE_TESTABILITY = YES;
				GCC_C_LANGUAGE_STANDARD = gnu11;
				GCC_DYNAMIC_NO_PIC = NO;
				GCC_NO_COMMON_BLOCKS = YES;
				GCC_OPTIMIZATION_LEVEL = 0;
				GCC_PREPROCESSOR_DEFINITIONS = (
					"DEBUG=1",
					"$(inherited)",
				);
				GCC_WARN_64_TO_32_BIT_CONVERSION = YES;
				GCC_WARN_ABOUT_RETURN_TYPE = YES_ERROR;
				GCC_WARN_UNDECLARED_SELECTOR = YES;
				GCC_WARN_UNINITIALIZED_AUTOS = YES_AGGRESSIVE;
				GCC_WARN_UNUSED_FUNCTION = YES;
				GCC_WARN_UNUSED_VARIABLE = YES;
				IPHONEOS_DEPLOYMENT_TARGET = 16.4;
				MTL_ENABLE_DEBUG_INFO = INCLUDE_SOURCE;
				MTL_FAST_MATH = YES;
				ONLY_ACTIVE_ARCH = YES;
				SDKROOT = iphoneos;
				SWIFT_ACTIVE_COMPILATION_CONDITIONS = DEBUG;
				SWIFT_OPTIMIZATION_LEVEL = "-Onone";
			};
			name = Debug;
		};
		5148637C2AE1D0E60028751E /* Release */ = {
			isa = XCBuildConfiguration;
			buildSettings = {
				ALWAYS_SEARCH_USER_PATHS = NO;
				CLANG_ANALYZER_NONNULL = YES;
				CLANG_ANALYZER_NUMBER_OBJECT_CONVERSION = YES_AGGRESSIVE;
				CLANG_CXX_LANGUAGE_STANDARD = "gnu++20";
				CLANG_ENABLE_MODULES = YES;
				CLANG_ENABLE_OBJC_ARC = YES;
				CLANG_ENABLE_OBJC_WEAK = YES;
				CLANG_WARN_BLOCK_CAPTURE_AUTORELEASING = YES;
				CLANG_WARN_BOOL_CONVERSION = YES;
				CLANG_WARN_COMMA = YES;
				CLANG_WARN_CONSTANT_CONVERSION = YES;
				CLANG_WARN_DEPRECATED_OBJC_IMPLEMENTATIONS = YES;
				CLANG_WARN_DIRECT_OBJC_ISA_USAGE = YES_ERROR;
				CLANG_WARN_DOCUMENTATION_COMMENTS = YES;
				CLANG_WARN_EMPTY_BODY = YES;
				CLANG_WARN_ENUM_CONVERSION = YES;
				CLANG_WARN_INFINITE_RECURSION = YES;
				CLANG_WARN_INT_CONVERSION = YES;
				CLANG_WARN_NON_LITERAL_NULL_CONVERSION = YES;
				CLANG_WARN_OBJC_IMPLICIT_RETAIN_SELF = YES;
				CLANG_WARN_OBJC_LITERAL_CONVERSION = YES;
				CLANG_WARN_OBJC_ROOT_CLASS = YES_ERROR;
				CLANG_WARN_QUOTED_INCLUDE_IN_FRAMEWORK_HEADER = YES;
				CLANG_WARN_RANGE_LOOP_ANALYSIS = YES;
				CLANG_WARN_STRICT_PROTOTYPES = YES;
				CLANG_WARN_SUSPICIOUS_MOVE = YES;
				CLANG_WARN_UNGUARDED_AVAILABILITY = YES_AGGRESSIVE;
				CLANG_WARN_UNREACHABLE_CODE = YES;
				CLANG_WARN__DUPLICATE_METHOD_MATCH = YES;
				COPY_PHASE_STRIP = NO;
				DEBUG_INFORMATION_FORMAT = "dwarf-with-dsym";
				ENABLE_NS_ASSERTIONS = NO;
				ENABLE_STRICT_OBJC_MSGSEND = YES;
				GCC_C_LANGUAGE_STANDARD = gnu11;
				GCC_NO_COMMON_BLOCKS = YES;
				GCC_WARN_64_TO_32_BIT_CONVERSION = YES;
				GCC_WARN_ABOUT_RETURN_TYPE = YES_ERROR;
				GCC_WARN_UNDECLARED_SELECTOR = YES;
				GCC_WARN_UNINITIALIZED_AUTOS = YES_AGGRESSIVE;
				GCC_WARN_UNUSED_FUNCTION = YES;
				GCC_WARN_UNUSED_VARIABLE = YES;
				IPHONEOS_DEPLOYMENT_TARGET = 16.4;
				MTL_ENABLE_DEBUG_INFO = NO;
				MTL_FAST_MATH = YES;
				SDKROOT = iphoneos;
				SWIFT_COMPILATION_MODE = wholemodule;
				SWIFT_OPTIMIZATION_LEVEL = "-O";
				VALIDATE_PRODUCT = YES;
			};
			name = Release;
		};
		5148637E2AE1D0E60028751E /* Debug */ = {
			isa = XCBuildConfiguration;
			buildSettings = {
				ASSETCATALOG_COMPILER_APPICON_NAME = AppIcon;
				ASSETCATALOG_COMPILER_GLOBAL_ACCENT_COLOR_NAME = AccentColor;
				CODE_SIGN_STYLE = Automatic;
				CURRENT_PROJECT_VERSION = 1;
				DEVELOPMENT_ASSET_PATHS = "\"Exam2_McQuade_Michael/Preview Content\"";
				DEVELOPMENT_TEAM = R4VGXX56KF;
				ENABLE_PREVIEWS = YES;
				GENERATE_INFOPLIST_FILE = YES;
				INFOPLIST_FILE = "Exam2-McQuade-Michael-Info.plist";
				INFOPLIST_KEY_NSLocationWhenInUseUsageDescription = "Used to calculate how far away your friends are";
				INFOPLIST_KEY_UIApplicationSceneManifest_Generation = YES;
				INFOPLIST_KEY_UIApplicationSupportsIndirectInputEvents = YES;
				INFOPLIST_KEY_UILaunchScreen_Generation = YES;
				INFOPLIST_KEY_UISupportedInterfaceOrientations_iPad = "UIInterfaceOrientationPortrait UIInterfaceOrientationPortraitUpsideDown UIInterfaceOrientationLandscapeLeft UIInterfaceOrientationLandscapeRight";
				INFOPLIST_KEY_UISupportedInterfaceOrientations_iPhone = "UIInterfaceOrientationPortrait UIInterfaceOrientationLandscapeLeft UIInterfaceOrientationLandscapeRight";
				LD_RUNPATH_SEARCH_PATHS = (
					"$(inherited)",
					"@executable_path/Frameworks",
				);
				MARKETING_VERSION = 1.0;
				PRODUCT_BUNDLE_IDENTIFIER = "edu.uh.cs.Exam2-McQuade-Michael";
				PRODUCT_NAME = "$(TARGET_NAME)";
				SWIFT_EMIT_LOC_STRINGS = YES;
				SWIFT_VERSION = 5.0;
				TARGETED_DEVICE_FAMILY = "1,2";
			};
			name = Debug;
		};
		5148637F2AE1D0E60028751E /* Release */ = {
			isa = XCBuildConfiguration;
			buildSettings = {
				ASSETCATALOG_COMPILER_APPICON_NAME = AppIcon;
				ASSETCATALOG_COMPILER_GLOBAL_ACCENT_COLOR_NAME = AccentColor;
				CODE_SIGN_STYLE = Automatic;
				CURRENT_PROJECT_VERSION = 1;
				DEVELOPMENT_ASSET_PATHS = "\"Exam2_McQuade_Michael/Preview Content\"";
				DEVELOPMENT_TEAM = R4VGXX56KF;
				ENABLE_PREVIEWS = YES;
				GENERATE_INFOPLIST_FILE = YES;
				INFOPLIST_FILE = "Exam2-McQuade-Michael-Info.plist";
				INFOPLIST_KEY_NSLocationWhenInUseUsageDescription = "Used to calculate how far away your friends are";
				INFOPLIST_KEY_UIApplicationSceneManifest_Generation = YES;
				INFOPLIST_KEY_UIApplicationSupportsIndirectInputEvents = YES;
				INFOPLIST_KEY_UILaunchScreen_Generation = YES;
				INFOPLIST_KEY_UISupportedInterfaceOrientations_iPad = "UIInterfaceOrientationPortrait UIInterfaceOrientationPortraitUpsideDown UIInterfaceOrientationLandscapeLeft UIInterfaceOrientationLandscapeRight";
				INFOPLIST_KEY_UISupportedInterfaceOrientations_iPhone = "UIInterfaceOrientationPortrait UIInterfaceOrientationLandscapeLeft UIInterfaceOrientationLandscapeRight";
				LD_RUNPATH_SEARCH_PATHS = (
					"$(inherited)",
					"@executable_path/Frameworks",
				);
				MARKETING_VERSION = 1.0;
				PRODUCT_BUNDLE_IDENTIFIER = "edu.uh.cs.Exam2-McQuade-Michael";
				PRODUCT_NAME = "$(TARGET_NAME)";
				SWIFT_EMIT_LOC_STRINGS = YES;
				SWIFT_VERSION = 5.0;
				TARGETED_DEVICE_FAMILY = "1,2";
			};
			name = Release;
		};
/* End XCBuildConfiguration section */

/* Begin XCConfigurationList section */
		5148636A2AE1D0E40028751E /* Build configuration list for PBXProject "Exam2_McQuade_Michael" */ = {
			isa = XCConfigurationList;
			buildConfigurations = (
				5148637B2AE1D0E60028751E /* Debug */,
				5148637C2AE1D0E60028751E /* Release */,
			);
			defaultConfigurationIsVisible = 0;
			defaultConfigurationName = Release;
		};
		5148637D2AE1D0E60028751E /* Build configuration list for PBXNativeTarget "Exam2_McQuade_Michael" */ = {
			isa = XCConfigurationList;
			buildConfigurations = (
				5148637E2AE1D0E60028751E /* Debug */,
				5148637F2AE1D0E60028751E /* Release */,
			);
			defaultConfigurationIsVisible = 0;
			defaultConfigurationName = Release;
		};
/* End XCConfigurationList section */
	};
	rootObject = 514863672AE1D0E40028751E /* Project object */;
}
