// !$*UTF8*$!
{
	archiveVersion = 1;
	classes = {
	};
	objectVersion = 50;
	objects = {

/* Begin PBXBuildFile section */
		1AACB54C6955706DDC5DAE25 /* Pods_T02_Blue.framework in Frameworks */ = {isa = PBXBuildFile; fileRef = 0FD34B4E9F56AE5245880970 /* Pods_T02_Blue.framework */; };
		1F09A2842198E31300833D6E /* InventoryClosetsTableViewController.swift in Sources */ = {isa = PBXBuildFile; fileRef = 1F09A2832198E31300833D6E /* InventoryClosetsTableViewController.swift */; };
		1F8CA094219C760B004436C7 /* AddNewClosetViewController.swift in Sources */ = {isa = PBXBuildFile; fileRef = 1F8CA093219C760B004436C7 /* AddNewClosetViewController.swift */; };
		1F8CA096219C7684004436C7 /* ClosetInventoryTableViewController.swift in Sources */ = {isa = PBXBuildFile; fileRef = 1F8CA095219C7684004436C7 /* ClosetInventoryTableViewController.swift */; };
		1F8CA098219C7708004436C7 /* AddInventoryItemViewController.swift in Sources */ = {isa = PBXBuildFile; fileRef = 1F8CA097219C7708004436C7 /* AddInventoryItemViewController.swift */; };
		1FA11C75219684140018A52E /* LoginViewController.swift in Sources */ = {isa = PBXBuildFile; fileRef = 1FA11C74219684140018A52E /* LoginViewController.swift */; };
		4B0B1E1B21964CED004B5CBA /* AppDelegate.swift in Sources */ = {isa = PBXBuildFile; fileRef = 4B0B1E1A21964CED004B5CBA /* AppDelegate.swift */; };
		4B0B1E1D21964CED004B5CBA /* LoadingViewController.swift in Sources */ = {isa = PBXBuildFile; fileRef = 4B0B1E1C21964CED004B5CBA /* LoadingViewController.swift */; };
		4B0B1E2021964CED004B5CBA /* Main.storyboard in Resources */ = {isa = PBXBuildFile; fileRef = 4B0B1E1E21964CED004B5CBA /* Main.storyboard */; };
		4B0B1E2321964CED004B5CBA /* T02_Blue.xcdatamodeld in Sources */ = {isa = PBXBuildFile; fileRef = 4B0B1E2121964CED004B5CBA /* T02_Blue.xcdatamodeld */; };
		4B0B1E2521964CF6004B5CBA /* Assets.xcassets in Resources */ = {isa = PBXBuildFile; fileRef = 4B0B1E2421964CF6004B5CBA /* Assets.xcassets */; };
		4B0B1E2821964CF6004B5CBA /* LaunchScreen.storyboard in Resources */ = {isa = PBXBuildFile; fileRef = 4B0B1E2621964CF6004B5CBA /* LaunchScreen.storyboard */; };
		5165F2EA21AA93ED00663B37 /* GoogleService-Info.plist in Resources */ = {isa = PBXBuildFile; fileRef = 5165F2E921AA93ED00663B37 /* GoogleService-Info.plist */; };
		5165F2EC21AA964100663B37 /* InventoryDatabase.swift in Sources */ = {isa = PBXBuildFile; fileRef = 5165F2EB21AA964100663B37 /* InventoryDatabase.swift */; };
		51A9477E21ABB30000D9D8F9 /* HomeViewController.swift in Sources */ = {isa = PBXBuildFile; fileRef = 51A9477D21ABB30000D9D8F9 /* HomeViewController.swift */; };
		C50E349521AD31B9005FC94D /* UserManagementController.swift in Sources */ = {isa = PBXBuildFile; fileRef = C50E349421AD31B9005FC94D /* UserManagementController.swift */; };
		C50E349721AD3397005FC94D /* ResetPasswordController.swift in Sources */ = {isa = PBXBuildFile; fileRef = C50E349621AD3397005FC94D /* ResetPasswordController.swift */; };
		C50E349921AD4D50005FC94D /* EditUsersController.swift in Sources */ = {isa = PBXBuildFile; fileRef = C50E349821AD4D50005FC94D /* EditUsersController.swift */; };
		C531421C21AD5986002AFA3D /* CreateUserController.swift in Sources */ = {isa = PBXBuildFile; fileRef = C531421B21AD5986002AFA3D /* CreateUserController.swift */; };
/* End PBXBuildFile section */

/* Begin PBXFileReference section */
		0FD34B4E9F56AE5245880970 /* Pods_T02_Blue.framework */ = {isa = PBXFileReference; explicitFileType = wrapper.framework; includeInIndex = 0; path = Pods_T02_Blue.framework; sourceTree = BUILT_PRODUCTS_DIR; };
		167553EA9BFD3E3987AEFF07 /* Pods-T02_Blue.debug.xcconfig */ = {isa = PBXFileReference; includeInIndex = 1; lastKnownFileType = text.xcconfig; name = "Pods-T02_Blue.debug.xcconfig"; path = "Pods/Target Support Files/Pods-T02_Blue/Pods-T02_Blue.debug.xcconfig"; sourceTree = "<group>"; };
		1F09A2832198E31300833D6E /* InventoryClosetsTableViewController.swift */ = {isa = PBXFileReference; lastKnownFileType = sourcecode.swift; path = InventoryClosetsTableViewController.swift; sourceTree = "<group>"; };
		1F8CA093219C760B004436C7 /* AddNewClosetViewController.swift */ = {isa = PBXFileReference; lastKnownFileType = sourcecode.swift; path = AddNewClosetViewController.swift; sourceTree = "<group>"; };
		1F8CA095219C7684004436C7 /* ClosetInventoryTableViewController.swift */ = {isa = PBXFileReference; lastKnownFileType = sourcecode.swift; path = ClosetInventoryTableViewController.swift; sourceTree = "<group>"; };
		1F8CA097219C7708004436C7 /* AddInventoryItemViewController.swift */ = {isa = PBXFileReference; lastKnownFileType = sourcecode.swift; path = AddInventoryItemViewController.swift; sourceTree = "<group>"; };
		1FA11C74219684140018A52E /* LoginViewController.swift */ = {isa = PBXFileReference; lastKnownFileType = sourcecode.swift; path = LoginViewController.swift; sourceTree = "<group>"; };
		4B0B1E1721964CED004B5CBA /* T02_Blue.app */ = {isa = PBXFileReference; explicitFileType = wrapper.application; includeInIndex = 0; path = T02_Blue.app; sourceTree = BUILT_PRODUCTS_DIR; };
		4B0B1E1A21964CED004B5CBA /* AppDelegate.swift */ = {isa = PBXFileReference; lastKnownFileType = sourcecode.swift; path = AppDelegate.swift; sourceTree = "<group>"; };
		4B0B1E1C21964CED004B5CBA /* LoadingViewController.swift */ = {isa = PBXFileReference; lastKnownFileType = sourcecode.swift; path = LoadingViewController.swift; sourceTree = "<group>"; };
		4B0B1E1F21964CED004B5CBA /* Base */ = {isa = PBXFileReference; lastKnownFileType = file.storyboard; name = Base; path = Base.lproj/Main.storyboard; sourceTree = "<group>"; };
		4B0B1E2221964CED004B5CBA /* T02_Blue.xcdatamodel */ = {isa = PBXFileReference; lastKnownFileType = wrapper.xcdatamodel; path = T02_Blue.xcdatamodel; sourceTree = "<group>"; };
		4B0B1E2421964CF6004B5CBA /* Assets.xcassets */ = {isa = PBXFileReference; lastKnownFileType = folder.assetcatalog; path = Assets.xcassets; sourceTree = "<group>"; };
		4B0B1E2721964CF6004B5CBA /* Base */ = {isa = PBXFileReference; lastKnownFileType = file.storyboard; name = Base; path = Base.lproj/LaunchScreen.storyboard; sourceTree = "<group>"; };
		4B0B1E2921964CF6004B5CBA /* Info.plist */ = {isa = PBXFileReference; lastKnownFileType = text.plist.xml; path = Info.plist; sourceTree = "<group>"; };
		5165F2E921AA93ED00663B37 /* GoogleService-Info.plist */ = {isa = PBXFileReference; fileEncoding = 4; lastKnownFileType = text.plist.xml; path = "GoogleService-Info.plist"; sourceTree = "<group>"; };
		5165F2EB21AA964100663B37 /* InventoryDatabase.swift */ = {isa = PBXFileReference; lastKnownFileType = sourcecode.swift; path = InventoryDatabase.swift; sourceTree = "<group>"; };
		51A9477D21ABB30000D9D8F9 /* HomeViewController.swift */ = {isa = PBXFileReference; lastKnownFileType = sourcecode.swift; path = HomeViewController.swift; sourceTree = "<group>"; };
		C50E349421AD31B9005FC94D /* UserManagementController.swift */ = {isa = PBXFileReference; lastKnownFileType = sourcecode.swift; path = UserManagementController.swift; sourceTree = "<group>"; };
		C50E349621AD3397005FC94D /* ResetPasswordController.swift */ = {isa = PBXFileReference; lastKnownFileType = sourcecode.swift; path = ResetPasswordController.swift; sourceTree = "<group>"; };
		C50E349821AD4D50005FC94D /* EditUsersController.swift */ = {isa = PBXFileReference; lastKnownFileType = sourcecode.swift; path = EditUsersController.swift; sourceTree = "<group>"; };
		C531421B21AD5986002AFA3D /* CreateUserController.swift */ = {isa = PBXFileReference; lastKnownFileType = sourcecode.swift; path = CreateUserController.swift; sourceTree = "<group>"; };
		D33213D640E06E26C4F01940 /* Pods-T02_Blue.release.xcconfig */ = {isa = PBXFileReference; includeInIndex = 1; lastKnownFileType = text.xcconfig; name = "Pods-T02_Blue.release.xcconfig"; path = "Pods/Target Support Files/Pods-T02_Blue/Pods-T02_Blue.release.xcconfig"; sourceTree = "<group>"; };
/* End PBXFileReference section */

/* Begin PBXFrameworksBuildPhase section */
		4B0B1E1421964CED004B5CBA /* Frameworks */ = {
			isa = PBXFrameworksBuildPhase;
			buildActionMask = 2147483647;
			files = (
				1AACB54C6955706DDC5DAE25 /* Pods_T02_Blue.framework in Frameworks */,
			);
			runOnlyForDeploymentPostprocessing = 0;
		};
/* End PBXFrameworksBuildPhase section */

/* Begin PBXGroup section */
		0729A27320DA9F2471F92564 /* Frameworks */ = {
			isa = PBXGroup;
			children = (
				0FD34B4E9F56AE5245880970 /* Pods_T02_Blue.framework */,
			);
			name = Frameworks;
			sourceTree = "<group>";
		};
		378D878D996DBB08F609AE63 /* Pods */ = {
			isa = PBXGroup;
			children = (
				167553EA9BFD3E3987AEFF07 /* Pods-T02_Blue.debug.xcconfig */,
				D33213D640E06E26C4F01940 /* Pods-T02_Blue.release.xcconfig */,
			);
			name = Pods;
			sourceTree = "<group>";
		};
		4B0B1E0E21964CED004B5CBA = {
			isa = PBXGroup;
			children = (
				4B0B1E1921964CED004B5CBA /* T02_Blue */,
				4B0B1E1821964CED004B5CBA /* Products */,
				378D878D996DBB08F609AE63 /* Pods */,
				0729A27320DA9F2471F92564 /* Frameworks */,
			);
			sourceTree = "<group>";
		};
		4B0B1E1821964CED004B5CBA /* Products */ = {
			isa = PBXGroup;
			children = (
				4B0B1E1721964CED004B5CBA /* T02_Blue.app */,
			);
			name = Products;
			sourceTree = "<group>";
		};
		4B0B1E1921964CED004B5CBA /* T02_Blue */ = {
			isa = PBXGroup;
			children = (
				C531421B21AD5986002AFA3D /* CreateUserController.swift */,
				5165F2E921AA93ED00663B37 /* GoogleService-Info.plist */,
				4B0B1E1A21964CED004B5CBA /* AppDelegate.swift */,
				4B0B1E1C21964CED004B5CBA /* LoadingViewController.swift */,
				1FA11C74219684140018A52E /* LoginViewController.swift */,
				1F09A2832198E31300833D6E /* InventoryClosetsTableViewController.swift */,
				1F8CA095219C7684004436C7 /* ClosetInventoryTableViewController.swift */,
				1F8CA093219C760B004436C7 /* AddNewClosetViewController.swift */,
				1F8CA097219C7708004436C7 /* AddInventoryItemViewController.swift */,
				4B0B1E1E21964CED004B5CBA /* Main.storyboard */,
				4B0B1E2421964CF6004B5CBA /* Assets.xcassets */,
				4B0B1E2621964CF6004B5CBA /* LaunchScreen.storyboard */,
				4B0B1E2921964CF6004B5CBA /* Info.plist */,
				4B0B1E2121964CED004B5CBA /* T02_Blue.xcdatamodeld */,
				5165F2EB21AA964100663B37 /* InventoryDatabase.swift */,
				51A9477D21ABB30000D9D8F9 /* HomeViewController.swift */,
				C50E349421AD31B9005FC94D /* UserManagementController.swift */,
				C50E349621AD3397005FC94D /* ResetPasswordController.swift */,
				C50E349821AD4D50005FC94D /* EditUsersController.swift */,
			);
			path = T02_Blue;
			sourceTree = "<group>";
		};
/* End PBXGroup section */

/* Begin PBXNativeTarget section */
		4B0B1E1621964CED004B5CBA /* T02_Blue */ = {
			isa = PBXNativeTarget;
			buildConfigurationList = 4B0B1E2C21964CF6004B5CBA /* Build configuration list for PBXNativeTarget "T02_Blue" */;
			buildPhases = (
				6D2623464447021AB93EAA6C /* [CP] Check Pods Manifest.lock */,
				4B0B1E1321964CED004B5CBA /* Sources */,
				4B0B1E1421964CED004B5CBA /* Frameworks */,
				4B0B1E1521964CED004B5CBA /* Resources */,
				CB18932A38D69FC28709526A /* [CP] Embed Pods Frameworks */,
			);
			buildRules = (
			);
			dependencies = (
			);
			name = T02_Blue;
			productName = T02_Blue;
			productReference = 4B0B1E1721964CED004B5CBA /* T02_Blue.app */;
			productType = "com.apple.product-type.application";
		};
/* End PBXNativeTarget section */

/* Begin PBXProject section */
		4B0B1E0F21964CED004B5CBA /* Project object */ = {
			isa = PBXProject;
			attributes = {
				LastSwiftUpdateCheck = 1000;
				LastUpgradeCheck = 1000;
				ORGANIZATIONNAME = "Team Blue";
				TargetAttributes = {
					4B0B1E1621964CED004B5CBA = {
						CreatedOnToolsVersion = 10.0;
					};
				};
			};
			buildConfigurationList = 4B0B1E1221964CED004B5CBA /* Build configuration list for PBXProject "T02_Blue" */;
			compatibilityVersion = "Xcode 9.3";
			developmentRegion = en;
			hasScannedForEncodings = 0;
			knownRegions = (
				en,
				Base,
			);
			mainGroup = 4B0B1E0E21964CED004B5CBA;
			productRefGroup = 4B0B1E1821964CED004B5CBA /* Products */;
			projectDirPath = "";
			projectRoot = "";
			targets = (
				4B0B1E1621964CED004B5CBA /* T02_Blue */,
			);
		};
/* End PBXProject section */

/* Begin PBXResourcesBuildPhase section */
		4B0B1E1521964CED004B5CBA /* Resources */ = {
			isa = PBXResourcesBuildPhase;
			buildActionMask = 2147483647;
			files = (
				4B0B1E2821964CF6004B5CBA /* LaunchScreen.storyboard in Resources */,
				5165F2EA21AA93ED00663B37 /* GoogleService-Info.plist in Resources */,
				4B0B1E2521964CF6004B5CBA /* Assets.xcassets in Resources */,
				4B0B1E2021964CED004B5CBA /* Main.storyboard in Resources */,
			);
			runOnlyForDeploymentPostprocessing = 0;
		};
/* End PBXResourcesBuildPhase section */

/* Begin PBXShellScriptBuildPhase section */
		6D2623464447021AB93EAA6C /* [CP] Check Pods Manifest.lock */ = {
			isa = PBXShellScriptBuildPhase;
			buildActionMask = 2147483647;
			files = (
			);
			inputFileListPaths = (
			);
			inputPaths = (
				"${PODS_PODFILE_DIR_PATH}/Podfile.lock",
				"${PODS_ROOT}/Manifest.lock",
			);
			name = "[CP] Check Pods Manifest.lock";
			outputFileListPaths = (
			);
			outputPaths = (
				"$(DERIVED_FILE_DIR)/Pods-T02_Blue-checkManifestLockResult.txt",
			);
			runOnlyForDeploymentPostprocessing = 0;
			shellPath = /bin/sh;
			shellScript = "diff \"${PODS_PODFILE_DIR_PATH}/Podfile.lock\" \"${PODS_ROOT}/Manifest.lock\" > /dev/null\nif [ $? != 0 ] ; then\n    # print error to STDERR\n    echo \"error: The sandbox is not in sync with the Podfile.lock. Run 'pod install' or update your CocoaPods installation.\" >&2\n    exit 1\nfi\n# This output is used by Xcode 'outputs' to avoid re-running this script phase.\necho \"SUCCESS\" > \"${SCRIPT_OUTPUT_FILE_0}\"\n";
			showEnvVarsInLog = 0;
		};
		CB18932A38D69FC28709526A /* [CP] Embed Pods Frameworks */ = {
			isa = PBXShellScriptBuildPhase;
			buildActionMask = 2147483647;
			files = (
			);
			inputFileListPaths = (
			);
			inputPaths = (
				"${SRCROOT}/Pods/Target Support Files/Pods-T02_Blue/Pods-T02_Blue-frameworks.sh",
				"${BUILT_PRODUCTS_DIR}/Alamofire/Alamofire.framework",
				"${BUILT_PRODUCTS_DIR}/GTMSessionFetcher/GTMSessionFetcher.framework",
				"${BUILT_PRODUCTS_DIR}/GoogleUtilities/GoogleUtilities.framework",
				"${BUILT_PRODUCTS_DIR}/leveldb-library/leveldb.framework",
				"${BUILT_PRODUCTS_DIR}/nanopb/nanopb.framework",
			);
			name = "[CP] Embed Pods Frameworks";
			outputFileListPaths = (
			);
			outputPaths = (
				"${TARGET_BUILD_DIR}/${FRAMEWORKS_FOLDER_PATH}/Alamofire.framework",
				"${TARGET_BUILD_DIR}/${FRAMEWORKS_FOLDER_PATH}/GTMSessionFetcher.framework",
				"${TARGET_BUILD_DIR}/${FRAMEWORKS_FOLDER_PATH}/GoogleUtilities.framework",
				"${TARGET_BUILD_DIR}/${FRAMEWORKS_FOLDER_PATH}/leveldb.framework",
				"${TARGET_BUILD_DIR}/${FRAMEWORKS_FOLDER_PATH}/nanopb.framework",
			);
			runOnlyForDeploymentPostprocessing = 0;
			shellPath = /bin/sh;
			shellScript = "\"${SRCROOT}/Pods/Target Support Files/Pods-T02_Blue/Pods-T02_Blue-frameworks.sh\"\n";
			showEnvVarsInLog = 0;
		};
/* End PBXShellScriptBuildPhase section */

/* Begin PBXSourcesBuildPhase section */
		4B0B1E1321964CED004B5CBA /* Sources */ = {
			isa = PBXSourcesBuildPhase;
			buildActionMask = 2147483647;
			files = (
				1F09A2842198E31300833D6E /* InventoryClosetsTableViewController.swift in Sources */,
				5165F2EC21AA964100663B37 /* InventoryDatabase.swift in Sources */,
				C50E349721AD3397005FC94D /* ResetPasswordController.swift in Sources */,
				1FA11C75219684140018A52E /* LoginViewController.swift in Sources */,
				1F8CA096219C7684004436C7 /* ClosetInventoryTableViewController.swift in Sources */,
				1F8CA098219C7708004436C7 /* AddInventoryItemViewController.swift in Sources */,
				51A9477E21ABB30000D9D8F9 /* HomeViewController.swift in Sources */,
				4B0B1E2321964CED004B5CBA /* T02_Blue.xcdatamodeld in Sources */,
				C50E349921AD4D50005FC94D /* EditUsersController.swift in Sources */,
				4B0B1E1D21964CED004B5CBA /* LoadingViewController.swift in Sources */,
				1F8CA094219C760B004436C7 /* AddNewClosetViewController.swift in Sources */,
				C531421C21AD5986002AFA3D /* CreateUserController.swift in Sources */,
				C50E349521AD31B9005FC94D /* UserManagementController.swift in Sources */,
				4B0B1E1B21964CED004B5CBA /* AppDelegate.swift in Sources */,
			);
			runOnlyForDeploymentPostprocessing = 0;
		};
/* End PBXSourcesBuildPhase section */

/* Begin PBXVariantGroup section */
		4B0B1E1E21964CED004B5CBA /* Main.storyboard */ = {
			isa = PBXVariantGroup;
			children = (
				4B0B1E1F21964CED004B5CBA /* Base */,
			);
			name = Main.storyboard;
			sourceTree = "<group>";
		};
		4B0B1E2621964CF6004B5CBA /* LaunchScreen.storyboard */ = {
			isa = PBXVariantGroup;
			children = (
				4B0B1E2721964CF6004B5CBA /* Base */,
			);
			name = LaunchScreen.storyboard;
			sourceTree = "<group>";
		};
/* End PBXVariantGroup section */

/* Begin XCBuildConfiguration section */
		4B0B1E2A21964CF6004B5CBA /* Debug */ = {
			isa = XCBuildConfiguration;
			buildSettings = {
				ALWAYS_SEARCH_USER_PATHS = NO;
				CLANG_ANALYZER_NONNULL = YES;
				CLANG_ANALYZER_NUMBER_OBJECT_CONVERSION = YES_AGGRESSIVE;
				CLANG_CXX_LANGUAGE_STANDARD = "gnu++14";
				CLANG_CXX_LIBRARY = "libc++";
				CLANG_ENABLE_MODULES = YES;
				CLANG_ENABLE_OBJC_ARC = YES;
				CLANG_ENABLE_OBJC_WEAK = YES;
				CLANG_WARN_BLOCK_CAPTURE_AUTORELEASING = YES;
				CLANG_WARN_BOOL_CONVERSION = YES;
				CLANG_WARN_COMMA = YES;
				CLANG_WARN_CONSTANT_CONVERSION = YES;
				CLANG_WARN_DEPRECATED_OBJC_IMPLEMENTATIONS = YES;
				CLANG_WARN_DIRECT_OBJC_ISA_USAGE = YES_ERROR;
				CLANG_WARN_DOCUMENTATION_COMMENTS = YES;
				CLANG_WARN_EMPTY_BODY = YES;
				CLANG_WARN_ENUM_CONVERSION = YES;
				CLANG_WARN_INFINITE_RECURSION = YES;
				CLANG_WARN_INT_CONVERSION = YES;
				CLANG_WARN_NON_LITERAL_NULL_CONVERSION = YES;
				CLANG_WARN_OBJC_IMPLICIT_RETAIN_SELF = YES;
				CLANG_WARN_OBJC_LITERAL_CONVERSION = YES;
				CLANG_WARN_OBJC_ROOT_CLASS = YES_ERROR;
				CLANG_WARN_RANGE_LOOP_ANALYSIS = YES;
				CLANG_WARN_STRICT_PROTOTYPES = YES;
				CLANG_WARN_SUSPICIOUS_MOVE = YES;
				CLANG_WARN_UNGUARDED_AVAILABILITY = YES_AGGRESSIVE;
				CLANG_WARN_UNREACHABLE_CODE = YES;
				CLANG_WARN__DUPLICATE_METHOD_MATCH = YES;
				CODE_SIGN_IDENTITY = "iPhone Developer";
				COPY_PHASE_STRIP = NO;
				DEBUG_INFORMATION_FORMAT = dwarf;
				ENABLE_STRICT_OBJC_MSGSEND = YES;
				ENABLE_TESTABILITY = YES;
				GCC_C_LANGUAGE_STANDARD = gnu11;
				GCC_DYNAMIC_NO_PIC = NO;
				GCC_NO_COMMON_BLOCKS = YES;
				GCC_OPTIMIZATION_LEVEL = 0;
				GCC_PREPROCESSOR_DEFINITIONS = (
					"DEBUG=1",
					"$(inherited)",
				);
				GCC_WARN_64_TO_32_BIT_CONVERSION = YES;
				GCC_WARN_ABOUT_RETURN_TYPE = YES_ERROR;
				GCC_WARN_UNDECLARED_SELECTOR = YES;
				GCC_WARN_UNINITIALIZED_AUTOS = YES_AGGRESSIVE;
				GCC_WARN_UNUSED_FUNCTION = YES;
				GCC_WARN_UNUSED_VARIABLE = YES;
				IPHONEOS_DEPLOYMENT_TARGET = 12.0;
				MTL_ENABLE_DEBUG_INFO = INCLUDE_SOURCE;
				MTL_FAST_MATH = YES;
				ONLY_ACTIVE_ARCH = YES;
				SDKROOT = iphoneos;
				SWIFT_ACTIVE_COMPILATION_CONDITIONS = DEBUG;
				SWIFT_OPTIMIZATION_LEVEL = "-Onone";
			};
			name = Debug;
		};
		4B0B1E2B21964CF6004B5CBA /* Release */ = {
			isa = XCBuildConfiguration;
			buildSettings = {
				ALWAYS_SEARCH_USER_PATHS = NO;
				CLANG_ANALYZER_NONNULL = YES;
				CLANG_ANALYZER_NUMBER_OBJECT_CONVERSION = YES_AGGRESSIVE;
				CLANG_CXX_LANGUAGE_STANDARD = "gnu++14";
				CLANG_CXX_LIBRARY = "libc++";
				CLANG_ENABLE_MODULES = YES;
				CLANG_ENABLE_OBJC_ARC = YES;
				CLANG_ENABLE_OBJC_WEAK = YES;
				CLANG_WARN_BLOCK_CAPTURE_AUTORELEASING = YES;
				CLANG_WARN_BOOL_CONVERSION = YES;
				CLANG_WARN_COMMA = YES;
				CLANG_WARN_CONSTANT_CONVERSION = YES;
				CLANG_WARN_DEPRECATED_OBJC_IMPLEMENTATIONS = YES;
				CLANG_WARN_DIRECT_OBJC_ISA_USAGE = YES_ERROR;
				CLANG_WARN_DOCUMENTATION_COMMENTS = YES;
				CLANG_WARN_EMPTY_BODY = YES;
				CLANG_WARN_ENUM_CONVERSION = YES;
				CLANG_WARN_INFINITE_RECURSION = YES;
				CLANG_WARN_INT_CONVERSION = YES;
				CLANG_WARN_NON_LITERAL_NULL_CONVERSION = YES;
				CLANG_WARN_OBJC_IMPLICIT_RETAIN_SELF = YES;
				CLANG_WARN_OBJC_LITERAL_CONVERSION = YES;
				CLANG_WARN_OBJC_ROOT_CLASS = YES_ERROR;
				CLANG_WARN_RANGE_LOOP_ANALYSIS = YES;
				CLANG_WARN_STRICT_PROTOTYPES = YES;
				CLANG_WARN_SUSPICIOUS_MOVE = YES;
				CLANG_WARN_UNGUARDED_AVAILABILITY = YES_AGGRESSIVE;
				CLANG_WARN_UNREACHABLE_CODE = YES;
				CLANG_WARN__DUPLICATE_METHOD_MATCH = YES;
				CODE_SIGN_IDENTITY = "iPhone Developer";
				COPY_PHASE_STRIP = NO;
				DEBUG_INFORMATION_FORMAT = "dwarf-with-dsym";
				ENABLE_NS_ASSERTIONS = NO;
				ENABLE_STRICT_OBJC_MSGSEND = YES;
				GCC_C_LANGUAGE_STANDARD = gnu11;
				GCC_NO_COMMON_BLOCKS = YES;
				GCC_WARN_64_TO_32_BIT_CONVERSION = YES;
				GCC_WARN_ABOUT_RETURN_TYPE = YES_ERROR;
				GCC_WARN_UNDECLARED_SELECTOR = YES;
				GCC_WARN_UNINITIALIZED_AUTOS = YES_AGGRESSIVE;
				GCC_WARN_UNUSED_FUNCTION = YES;
				GCC_WARN_UNUSED_VARIABLE = YES;
				IPHONEOS_DEPLOYMENT_TARGET = 12.0;
				MTL_ENABLE_DEBUG_INFO = NO;
				MTL_FAST_MATH = YES;
				SDKROOT = iphoneos;
				SWIFT_COMPILATION_MODE = wholemodule;
				SWIFT_OPTIMIZATION_LEVEL = "-O";
				VALIDATE_PRODUCT = YES;
			};
			name = Release;
		};
		4B0B1E2D21964CF6004B5CBA /* Debug */ = {
			isa = XCBuildConfiguration;
			baseConfigurationReference = 167553EA9BFD3E3987AEFF07 /* Pods-T02_Blue.debug.xcconfig */;
			buildSettings = {
				ASSETCATALOG_COMPILER_APPICON_NAME = AppIcon;
				CODE_SIGN_STYLE = Automatic;
				INFOPLIST_FILE = T02_Blue/Info.plist;
				LD_RUNPATH_SEARCH_PATHS = (
					"$(inherited)",
					"@executable_path/Frameworks",
				);
				PRODUCT_BUNDLE_IDENTIFIER = edu.okstate.cs.fall18blue;
				PRODUCT_NAME = "$(TARGET_NAME)";
				SWIFT_VERSION = 4.2;
				TARGETED_DEVICE_FAMILY = "1,2";
			};
			name = Debug;
		};
		4B0B1E2E21964CF6004B5CBA /* Release */ = {
			isa = XCBuildConfiguration;
			baseConfigurationReference = D33213D640E06E26C4F01940 /* Pods-T02_Blue.release.xcconfig */;
			buildSettings = {
				ASSETCATALOG_COMPILER_APPICON_NAME = AppIcon;
				CODE_SIGN_STYLE = Automatic;
				INFOPLIST_FILE = T02_Blue/Info.plist;
				LD_RUNPATH_SEARCH_PATHS = (
					"$(inherited)",
					"@executable_path/Frameworks",
				);
				PRODUCT_BUNDLE_IDENTIFIER = edu.okstate.cs.fall18blue;
				PRODUCT_NAME = "$(TARGET_NAME)";
				SWIFT_VERSION = 4.2;
				TARGETED_DEVICE_FAMILY = "1,2";
			};
			name = Release;
		};
/* End XCBuildConfiguration section */

/* Begin XCConfigurationList section */
		4B0B1E1221964CED004B5CBA /* Build configuration list for PBXProject "T02_Blue" */ = {
			isa = XCConfigurationList;
			buildConfigurations = (
				4B0B1E2A21964CF6004B5CBA /* Debug */,
				4B0B1E2B21964CF6004B5CBA /* Release */,
			);
			defaultConfigurationIsVisible = 0;
			defaultConfigurationName = Release;
		};
		4B0B1E2C21964CF6004B5CBA /* Build configuration list for PBXNativeTarget "T02_Blue" */ = {
			isa = XCConfigurationList;
			buildConfigurations = (
				4B0B1E2D21964CF6004B5CBA /* Debug */,
				4B0B1E2E21964CF6004B5CBA /* Release */,
			);
			defaultConfigurationIsVisible = 0;
			defaultConfigurationName = Release;
		};
/* End XCConfigurationList section */

/* Begin XCVersionGroup section */
		4B0B1E2121964CED004B5CBA /* T02_Blue.xcdatamodeld */ = {
			isa = XCVersionGroup;
			children = (
				4B0B1E2221964CED004B5CBA /* T02_Blue.xcdatamodel */,
			);
			currentVersion = 4B0B1E2221964CED004B5CBA /* T02_Blue.xcdatamodel */;
			path = T02_Blue.xcdatamodeld;
			sourceTree = "<group>";
			versionGroupType = wrapper.xcdatamodel;
		};
/* End XCVersionGroup section */
	};
	rootObject = 4B0B1E0F21964CED004B5CBA /* Project object */;
}
