// !$*UTF8*$!
{
	archiveVersion = 1;
	classes = {
	};
	objectVersion = 50;
	objects = {

/* Begin PBXBuildFile section */
		4B076EDF2148A5560087E776 /* AppDelegate.swift in Sources */ = {isa = PBXBuildFile; fileRef = 4B076EDE2148A5560087E776 /* AppDelegate.swift */; };
		4B076EE12148A5560087E776 /* GameController.swift in Sources */ = {isa = PBXBuildFile; fileRef = 4B076EE02148A5560087E776 /* GameController.swift */; };
		4B076EE42148A5560087E776 /* Main.storyboard in Resources */ = {isa = PBXBuildFile; fileRef = 4B076EE22148A5560087E776 /* Main.storyboard */; };
		4B076EE62148A55E0087E776 /* Assets.xcassets in Resources */ = {isa = PBXBuildFile; fileRef = 4B076EE52148A55E0087E776 /* Assets.xcassets */; };
		4B076EE92148A55E0087E776 /* LaunchScreen.storyboard in Resources */ = {isa = PBXBuildFile; fileRef = 4B076EE72148A55E0087E776 /* LaunchScreen.storyboard */; };
		51F31C1721547398009D3140 /* LetterBox.swift in Sources */ = {isa = PBXBuildFile; fileRef = 51F31C1621547398009D3140 /* LetterBox.swift */; };
		C5543EB92159FBC700A53357 /* wheelsound2.wav in Resources */ = {isa = PBXBuildFile; fileRef = C5543EB82159FBC700A53357 /* wheelsound2.wav */; };
		F897F1FE21574E7C00E07859 /* SplashScreen.swift in Sources */ = {isa = PBXBuildFile; fileRef = F897F1FD21574E7C00E07859 /* SplashScreen.swift */; };
/* End PBXBuildFile section */

/* Begin PBXFileReference section */
		4B076EDB2148A5560087E776 /* T01_Blue.app */ = {isa = PBXFileReference; explicitFileType = wrapper.application; includeInIndex = 0; path = T01_Blue.app; sourceTree = BUILT_PRODUCTS_DIR; };
		4B076EDE2148A5560087E776 /* AppDelegate.swift */ = {isa = PBXFileReference; lastKnownFileType = sourcecode.swift; path = AppDelegate.swift; sourceTree = "<group>"; };
		4B076EE02148A5560087E776 /* GameController.swift */ = {isa = PBXFileReference; lastKnownFileType = sourcecode.swift; path = GameController.swift; sourceTree = "<group>"; };
		4B076EE32148A5560087E776 /* Base */ = {isa = PBXFileReference; lastKnownFileType = file.storyboard; name = Base; path = Base.lproj/Main.storyboard; sourceTree = "<group>"; };
		4B076EE52148A55E0087E776 /* Assets.xcassets */ = {isa = PBXFileReference; lastKnownFileType = folder.assetcatalog; path = Assets.xcassets; sourceTree = "<group>"; };
		4B076EE82148A55E0087E776 /* Base */ = {isa = PBXFileReference; lastKnownFileType = file.storyboard; name = Base; path = Base.lproj/LaunchScreen.storyboard; sourceTree = "<group>"; };
		4B076EEA2148A55E0087E776 /* Info.plist */ = {isa = PBXFileReference; lastKnownFileType = text.plist.xml; path = Info.plist; sourceTree = "<group>"; };
		51F31C1621547398009D3140 /* LetterBox.swift */ = {isa = PBXFileReference; lastKnownFileType = sourcecode.swift; path = LetterBox.swift; sourceTree = "<group>"; };
		C5543EB82159FBC700A53357 /* wheelsound2.wav */ = {isa = PBXFileReference; lastKnownFileType = audio.wav; path = wheelsound2.wav; sourceTree = "<group>"; };
		F897F1F421574A2C00E07859 /* T01_Blue-Bridging-Header.h */ = {isa = PBXFileReference; lastKnownFileType = sourcecode.c.h; path = "T01_Blue-Bridging-Header.h"; sourceTree = "<group>"; };
		F897F1FD21574E7C00E07859 /* SplashScreen.swift */ = {isa = PBXFileReference; lastKnownFileType = sourcecode.swift; path = SplashScreen.swift; sourceTree = "<group>"; };
/* End PBXFileReference section */

/* Begin PBXFrameworksBuildPhase section */
		4B076ED82148A5560087E776 /* Frameworks */ = {
			isa = PBXFrameworksBuildPhase;
			buildActionMask = 2147483647;
			files = (
			);
			runOnlyForDeploymentPostprocessing = 0;
		};
/* End PBXFrameworksBuildPhase section */

/* Begin PBXGroup section */
		4B076ED22148A5560087E776 = {
			isa = PBXGroup;
			children = (
				4B076EDD2148A5560087E776 /* T01_Blue */,
				4B076EDC2148A5560087E776 /* Products */,
				5150F5432157910600AE9FAE /* Frameworks */,
			);
			sourceTree = "<group>";
		};
		4B076EDC2148A5560087E776 /* Products */ = {
			isa = PBXGroup;
			children = (
				4B076EDB2148A5560087E776 /* T01_Blue.app */,
			);
			name = Products;
			sourceTree = "<group>";
		};
		4B076EDD2148A5560087E776 /* T01_Blue */ = {
			isa = PBXGroup;
			children = (
				C54DE53E2159F341002BD211 /* Audio Assets */,
				F897F1FD21574E7C00E07859 /* SplashScreen.swift */,
				4B076EDE2148A5560087E776 /* AppDelegate.swift */,
				4B076EE02148A5560087E776 /* GameController.swift */,
				4B076EE22148A5560087E776 /* Main.storyboard */,
				4B076EE52148A55E0087E776 /* Assets.xcassets */,
				4B076EE72148A55E0087E776 /* LaunchScreen.storyboard */,
				4B076EEA2148A55E0087E776 /* Info.plist */,
				51F31C1621547398009D3140 /* LetterBox.swift */,
				F897F1F421574A2C00E07859 /* T01_Blue-Bridging-Header.h */,
			);
			path = T01_Blue;
			sourceTree = "<group>";
		};
		5150F5432157910600AE9FAE /* Frameworks */ = {
			isa = PBXGroup;
			children = (
			);
			name = Frameworks;
			sourceTree = "<group>";
		};
		C54DE53E2159F341002BD211 /* Audio Assets */ = {
			isa = PBXGroup;
			children = (
				C5543EB82159FBC700A53357 /* wheelsound2.wav */,
			);
			path = "Audio Assets";
			sourceTree = "<group>";
		};
/* End PBXGroup section */

/* Begin PBXNativeTarget section */
		4B076EDA2148A5560087E776 /* T01_Blue */ = {
			isa = PBXNativeTarget;
			buildConfigurationList = 4B076EED2148A55E0087E776 /* Build configuration list for PBXNativeTarget "T01_Blue" */;
			buildPhases = (
				4B076ED72148A5560087E776 /* Sources */,
				4B076ED82148A5560087E776 /* Frameworks */,
				4B076ED92148A5560087E776 /* Resources */,
			);
			buildRules = (
			);
			dependencies = (
			);
			name = T01_Blue;
			productName = T01_Blue;
			productReference = 4B076EDB2148A5560087E776 /* T01_Blue.app */;
			productType = "com.apple.product-type.application";
		};
/* End PBXNativeTarget section */

/* Begin PBXProject section */
		4B076ED32148A5560087E776 /* Project object */ = {
			isa = PBXProject;
			attributes = {
				LastSwiftUpdateCheck = 1000;
				LastUpgradeCheck = 1000;
				ORGANIZATIONNAME = "Team Blue";
				TargetAttributes = {
					4B076EDA2148A5560087E776 = {
						CreatedOnToolsVersion = 10.0;
						LastSwiftMigration = 1000;
						SystemCapabilities = {
							com.apple.GameCenter.iOS = {
								enabled = 0;
							};
						};
					};
				};
			};
			buildConfigurationList = 4B076ED62148A5560087E776 /* Build configuration list for PBXProject "T01_Blue" */;
			compatibilityVersion = "Xcode 9.3";
			developmentRegion = en;
			hasScannedForEncodings = 0;
			knownRegions = (
				en,
				Base,
			);
			mainGroup = 4B076ED22148A5560087E776;
			productRefGroup = 4B076EDC2148A5560087E776 /* Products */;
			projectDirPath = "";
			projectRoot = "";
			targets = (
				4B076EDA2148A5560087E776 /* T01_Blue */,
			);
		};
/* End PBXProject section */

/* Begin PBXResourcesBuildPhase section */
		4B076ED92148A5560087E776 /* Resources */ = {
			isa = PBXResourcesBuildPhase;
			buildActionMask = 2147483647;
			files = (
				4B076EE92148A55E0087E776 /* LaunchScreen.storyboard in Resources */,
				4B076EE62148A55E0087E776 /* Assets.xcassets in Resources */,
				4B076EE42148A5560087E776 /* Main.storyboard in Resources */,
				C5543EB92159FBC700A53357 /* wheelsound2.wav in Resources */,
			);
			runOnlyForDeploymentPostprocessing = 0;
		};
/* End PBXResourcesBuildPhase section */

/* Begin PBXSourcesBuildPhase section */
		4B076ED72148A5560087E776 /* Sources */ = {
			isa = PBXSourcesBuildPhase;
			buildActionMask = 2147483647;
			files = (
				F897F1FE21574E7C00E07859 /* SplashScreen.swift in Sources */,
				4B076EE12148A5560087E776 /* GameController.swift in Sources */,
				4B076EDF2148A5560087E776 /* AppDelegate.swift in Sources */,
				51F31C1721547398009D3140 /* LetterBox.swift in Sources */,
			);
			runOnlyForDeploymentPostprocessing = 0;
		};
/* End PBXSourcesBuildPhase section */

/* Begin PBXVariantGroup section */
		4B076EE22148A5560087E776 /* Main.storyboard */ = {
			isa = PBXVariantGroup;
			children = (
				4B076EE32148A5560087E776 /* Base */,
			);
			name = Main.storyboard;
			sourceTree = "<group>";
		};
		4B076EE72148A55E0087E776 /* LaunchScreen.storyboard */ = {
			isa = PBXVariantGroup;
			children = (
				4B076EE82148A55E0087E776 /* Base */,
			);
			name = LaunchScreen.storyboard;
			sourceTree = "<group>";
		};
/* End PBXVariantGroup section */

/* Begin XCBuildConfiguration section */
		4B076EEB2148A55E0087E776 /* Debug */ = {
			isa = XCBuildConfiguration;
			buildSettings = {
				ALWAYS_SEARCH_USER_PATHS = NO;
				CLANG_ANALYZER_NONNULL = YES;
				CLANG_ANALYZER_NUMBER_OBJECT_CONVERSION = YES_AGGRESSIVE;
				CLANG_CXX_LANGUAGE_STANDARD = "gnu++14";
				CLANG_CXX_LIBRARY = "libc++";
				CLANG_ENABLE_MODULES = YES;
				CLANG_ENABLE_OBJC_ARC = YES;
				CLANG_ENABLE_OBJC_WEAK = YES;
				CLANG_WARN_BLOCK_CAPTURE_AUTORELEASING = YES;
				CLANG_WARN_BOOL_CONVERSION = YES;
				CLANG_WARN_COMMA = YES;
				CLANG_WARN_CONSTANT_CONVERSION = YES;
				CLANG_WARN_DEPRECATED_OBJC_IMPLEMENTATIONS = YES;
				CLANG_WARN_DIRECT_OBJC_ISA_USAGE = YES_ERROR;
				CLANG_WARN_DOCUMENTATION_COMMENTS = YES;
				CLANG_WARN_EMPTY_BODY = YES;
				CLANG_WARN_ENUM_CONVERSION = YES;
				CLANG_WARN_INFINITE_RECURSION = YES;
				CLANG_WARN_INT_CONVERSION = YES;
				CLANG_WARN_NON_LITERAL_NULL_CONVERSION = YES;
				CLANG_WARN_OBJC_IMPLICIT_RETAIN_SELF = YES;
				CLANG_WARN_OBJC_LITERAL_CONVERSION = YES;
				CLANG_WARN_OBJC_ROOT_CLASS = YES_ERROR;
				CLANG_WARN_RANGE_LOOP_ANALYSIS = YES;
				CLANG_WARN_STRICT_PROTOTYPES = YES;
				CLANG_WARN_SUSPICIOUS_MOVE = YES;
				CLANG_WARN_UNGUARDED_AVAILABILITY = YES_AGGRESSIVE;
				CLANG_WARN_UNREACHABLE_CODE = YES;
				CLANG_WARN__DUPLICATE_METHOD_MATCH = YES;
				CODE_SIGN_IDENTITY = "iPhone Developer";
				COPY_PHASE_STRIP = NO;
				DEBUG_INFORMATION_FORMAT = dwarf;
				ENABLE_STRICT_OBJC_MSGSEND = YES;
				ENABLE_TESTABILITY = YES;
				GCC_C_LANGUAGE_STANDARD = gnu11;
				GCC_DYNAMIC_NO_PIC = NO;
				GCC_NO_COMMON_BLOCKS = YES;
				GCC_OPTIMIZATION_LEVEL = 0;
				GCC_PREPROCESSOR_DEFINITIONS = (
					"DEBUG=1",
					"$(inherited)",
				);
				GCC_WARN_64_TO_32_BIT_CONVERSION = YES;
				GCC_WARN_ABOUT_RETURN_TYPE = YES_ERROR;
				GCC_WARN_UNDECLARED_SELECTOR = YES;
				GCC_WARN_UNINITIALIZED_AUTOS = YES_AGGRESSIVE;
				GCC_WARN_UNUSED_FUNCTION = YES;
				GCC_WARN_UNUSED_VARIABLE = YES;
				IPHONEOS_DEPLOYMENT_TARGET = 11.0;
				MTL_ENABLE_DEBUG_INFO = INCLUDE_SOURCE;
				MTL_FAST_MATH = YES;
				ONLY_ACTIVE_ARCH = YES;
				SDKROOT = iphoneos;
				SWIFT_ACTIVE_COMPILATION_CONDITIONS = DEBUG;
				SWIFT_OPTIMIZATION_LEVEL = "-Onone";
			};
			name = Debug;
		};
		4B076EEC2148A55E0087E776 /* Release */ = {
			isa = XCBuildConfiguration;
			buildSettings = {
				ALWAYS_SEARCH_USER_PATHS = NO;
				CLANG_ANALYZER_NONNULL = YES;
				CLANG_ANALYZER_NUMBER_OBJECT_CONVERSION = YES_AGGRESSIVE;
				CLANG_CXX_LANGUAGE_STANDARD = "gnu++14";
				CLANG_CXX_LIBRARY = "libc++";
				CLANG_ENABLE_MODULES = YES;
				CLANG_ENABLE_OBJC_ARC = YES;
				CLANG_ENABLE_OBJC_WEAK = YES;
				CLANG_WARN_BLOCK_CAPTURE_AUTORELEASING = YES;
				CLANG_WARN_BOOL_CONVERSION = YES;
				CLANG_WARN_COMMA = YES;
				CLANG_WARN_CONSTANT_CONVERSION = YES;
				CLANG_WARN_DEPRECATED_OBJC_IMPLEMENTATIONS = YES;
				CLANG_WARN_DIRECT_OBJC_ISA_USAGE = YES_ERROR;
				CLANG_WARN_DOCUMENTATION_COMMENTS = YES;
				CLANG_WARN_EMPTY_BODY = YES;
				CLANG_WARN_ENUM_CONVERSION = YES;
				CLANG_WARN_INFINITE_RECURSION = YES;
				CLANG_WARN_INT_CONVERSION = YES;
				CLANG_WARN_NON_LITERAL_NULL_CONVERSION = YES;
				CLANG_WARN_OBJC_IMPLICIT_RETAIN_SELF = YES;
				CLANG_WARN_OBJC_LITERAL_CONVERSION = YES;
				CLANG_WARN_OBJC_ROOT_CLASS = YES_ERROR;
				CLANG_WARN_RANGE_LOOP_ANALYSIS = YES;
				CLANG_WARN_STRICT_PROTOTYPES = YES;
				CLANG_WARN_SUSPICIOUS_MOVE = YES;
				CLANG_WARN_UNGUARDED_AVAILABILITY = YES_AGGRESSIVE;
				CLANG_WARN_UNREACHABLE_CODE = YES;
				CLANG_WARN__DUPLICATE_METHOD_MATCH = YES;
				CODE_SIGN_IDENTITY = "iPhone Developer";
				COPY_PHASE_STRIP = NO;
				DEBUG_INFORMATION_FORMAT = "dwarf-with-dsym";
				ENABLE_NS_ASSERTIONS = NO;
				ENABLE_STRICT_OBJC_MSGSEND = YES;
				GCC_C_LANGUAGE_STANDARD = gnu11;
				GCC_NO_COMMON_BLOCKS = YES;
				GCC_WARN_64_TO_32_BIT_CONVERSION = YES;
				GCC_WARN_ABOUT_RETURN_TYPE = YES_ERROR;
				GCC_WARN_UNDECLARED_SELECTOR = YES;
				GCC_WARN_UNINITIALIZED_AUTOS = YES_AGGRESSIVE;
				GCC_WARN_UNUSED_FUNCTION = YES;
				GCC_WARN_UNUSED_VARIABLE = YES;
				IPHONEOS_DEPLOYMENT_TARGET = 11.0;
				MTL_ENABLE_DEBUG_INFO = NO;
				MTL_FAST_MATH = YES;
				SDKROOT = iphoneos;
				SWIFT_COMPILATION_MODE = wholemodule;
				SWIFT_OPTIMIZATION_LEVEL = "-O";
				VALIDATE_PRODUCT = YES;
			};
			name = Release;
		};
		4B076EEE2148A55E0087E776 /* Debug */ = {
			isa = XCBuildConfiguration;
			buildSettings = {
				ASSETCATALOG_COMPILER_APPICON_NAME = AppIcon;
				CLANG_ENABLE_MODULES = YES;
				CODE_SIGN_STYLE = Automatic;
				DEVELOPMENT_TEAM = R4VGXX56KF;
				INFOPLIST_FILE = T01_Blue/Info.plist;
				IPHONEOS_DEPLOYMENT_TARGET = 11.0;
				LD_RUNPATH_SEARCH_PATHS = (
					"$(inherited)",
					"@executable_path/Frameworks",
				);
				PRODUCT_BUNDLE_IDENTIFIER = edu.okstate.WordTap;
				PRODUCT_NAME = "$(TARGET_NAME)";
				SWIFT_OBJC_BRIDGING_HEADER = "T01_Blue/T01_Blue-Bridging-Header.h";
				SWIFT_OPTIMIZATION_LEVEL = "-Onone";
				SWIFT_VERSION = 4.2;
				TARGETED_DEVICE_FAMILY = "1,2";
			};
			name = Debug;
		};
		4B076EEF2148A55E0087E776 /* Release */ = {
			isa = XCBuildConfiguration;
			buildSettings = {
				ASSETCATALOG_COMPILER_APPICON_NAME = AppIcon;
				CLANG_ENABLE_MODULES = YES;
				CODE_SIGN_STYLE = Automatic;
				DEVELOPMENT_TEAM = R4VGXX56KF;
				INFOPLIST_FILE = T01_Blue/Info.plist;
				IPHONEOS_DEPLOYMENT_TARGET = 11.0;
				LD_RUNPATH_SEARCH_PATHS = (
					"$(inherited)",
					"@executable_path/Frameworks",
				);
				PRODUCT_BUNDLE_IDENTIFIER = edu.okstate.WordTap;
				PRODUCT_NAME = "$(TARGET_NAME)";
				SWIFT_OBJC_BRIDGING_HEADER = "T01_Blue/T01_Blue-Bridging-Header.h";
				SWIFT_VERSION = 4.2;
				TARGETED_DEVICE_FAMILY = "1,2";
			};
			name = Release;
		};
/* End XCBuildConfiguration section */

/* Begin XCConfigurationList section */
		4B076ED62148A5560087E776 /* Build configuration list for PBXProject "T01_Blue" */ = {
			isa = XCConfigurationList;
			buildConfigurations = (
				4B076EEB2148A55E0087E776 /* Debug */,
				4B076EEC2148A55E0087E776 /* Release */,
			);
			defaultConfigurationIsVisible = 0;
			defaultConfigurationName = Release;
		};
		4B076EED2148A55E0087E776 /* Build configuration list for PBXNativeTarget "T01_Blue" */ = {
			isa = XCConfigurationList;
			buildConfigurations = (
				4B076EEE2148A55E0087E776 /* Debug */,
				4B076EEF2148A55E0087E776 /* Release */,
			);
			defaultConfigurationIsVisible = 0;
			defaultConfigurationName = Release;
		};
/* End XCConfigurationList section */
	};
	rootObject = 4B076ED32148A5560087E776 /* Project object */;
}
