
Microsoft Visual Studio Solution File, Format Version 12.00
# Visual Studio Version 17
VisualStudioVersion = 17.0.31409.368
MinimumVisualStudioVersion = 10.0.40219.1
Project("{FAE04EC0-301F-11D3-BF4B-00C04F79EFBC}") = "FrontEnd", "FrontEnd\FrontEnd.csproj", "{7064674D-8F43-454B-99A7-CFD024CBCA9C}"
EndProject
Global
	GlobalSection(SolutionConfigurationPlatforms) = preSolution
		Debug|Any CPU = Debug|Any CPU
		Release|Any CPU = Release|Any CPU
	EndGlobalSection
	GlobalSection(ProjectConfigurationPlatforms) = postSolution
		{7064674D-8F43-454B-99A7-CFD024CBCA9C}.Debug|Any CPU.ActiveCfg = Debug|Any CPU
		{7064674D-8F43-454B-99A7-CFD024CBCA9C}.Debug|Any CPU.Build.0 = Debug|Any CPU
		{7064674D-8F43-454B-99A7-CFD024CBCA9C}.Release|Any CPU.ActiveCfg = Release|Any CPU
		{7064674D-8F43-454B-99A7-CFD024CBCA9C}.Release|Any CPU.Build.0 = Release|Any CPU
	EndGlobalSection
	GlobalSection(SolutionProperties) = preSolution
		HideSolutionNode = FALSE
	EndGlobalSection
	GlobalSection(ExtensibilityGlobals) = postSolution
		SolutionGuid = {90775C31-2D0D-4B84-9132-46B3C5E1B34D}
	EndGlobalSection
EndGlobal
