// !$*UTF8*$!
{
	archiveVersion = 1;
	classes = {
	};
	objectVersion = 50;
	objects = {

/* Begin PBXBuildFile section */
		5130C933214CA82300CF5825 /* AppDelegate.swift in Sources */ = {isa = PBXBuildFile; fileRef = 5130C932214CA82300CF5825 /* AppDelegate.swift */; };
		5130C935214CA82300CF5825 /* ViewController.swift in Sources */ = {isa = PBXBuildFile; fileRef = 5130C934214CA82300CF5825 /* ViewController.swift */; };
		5130C938214CA82300CF5825 /* Main.storyboard in Resources */ = {isa = PBXBuildFile; fileRef = 5130C936214CA82300CF5825 /* Main.storyboard */; };
		5130C93A214CA82400CF5825 /* Assets.xcassets in Resources */ = {isa = PBXBuildFile; fileRef = 5130C939214CA82400CF5825 /* Assets.xcassets */; };
		5130C93D214CA82400CF5825 /* LaunchScreen.storyboard in Resources */ = {isa = PBXBuildFile; fileRef = 5130C93B214CA82400CF5825 /* LaunchScreen.storyboard */; };
		51A9D241214CB20400FECB69 /* gameViewController.swift in Sources */ = {isa = PBXBuildFile; fileRef = 51A9D240214CB20400FECB69 /* gameViewController.swift */; };
		51A9D243214CC1A200FECB69 /* gameOverViewController.swift in Sources */ = {isa = PBXBuildFile; fileRef = 51A9D242214CC1A200FECB69 /* gameOverViewController.swift */; };
/* End PBXBuildFile section */

/* Begin PBXFileReference section */
		5130C92F214CA82300CF5825 /* w04_McQuade_Michael.app */ = {isa = PBXFileReference; explicitFileType = wrapper.application; includeInIndex = 0; path = w04_McQuade_Michael.app; sourceTree = BUILT_PRODUCTS_DIR; };
		5130C932214CA82300CF5825 /* AppDelegate.swift */ = {isa = PBXFileReference; lastKnownFileType = sourcecode.swift; path = AppDelegate.swift; sourceTree = "<group>"; };
		5130C934214CA82300CF5825 /* ViewController.swift */ = {isa = PBXFileReference; lastKnownFileType = sourcecode.swift; path = ViewController.swift; sourceTree = "<group>"; };
		5130C937214CA82300CF5825 /* Base */ = {isa = PBXFileReference; lastKnownFileType = file.storyboard; name = Base; path = Base.lproj/Main.storyboard; sourceTree = "<group>"; };
		5130C939214CA82400CF5825 /* Assets.xcassets */ = {isa = PBXFileReference; lastKnownFileType = folder.assetcatalog; path = Assets.xcassets; sourceTree = "<group>"; };
		5130C93C214CA82400CF5825 /* Base */ = {isa = PBXFileReference; lastKnownFileType = file.storyboard; name = Base; path = Base.lproj/LaunchScreen.storyboard; sourceTree = "<group>"; };
		5130C93E214CA82400CF5825 /* Info.plist */ = {isa = PBXFileReference; lastKnownFileType = text.plist.xml; path = Info.plist; sourceTree = "<group>"; };
		51A9D240214CB20400FECB69 /* gameViewController.swift */ = {isa = PBXFileReference; lastKnownFileType = sourcecode.swift; path = gameViewController.swift; sourceTree = "<group>"; };
		51A9D242214CC1A200FECB69 /* gameOverViewController.swift */ = {isa = PBXFileReference; lastKnownFileType = sourcecode.swift; path = gameOverViewController.swift; sourceTree = "<group>"; };
/* End PBXFileReference section */

/* Begin PBXFrameworksBuildPhase section */
		5130C92C214CA82300CF5825 /* Frameworks */ = {
			isa = PBXFrameworksBuildPhase;
			buildActionMask = 2147483647;
			files = (
			);
			runOnlyForDeploymentPostprocessing = 0;
		};
/* End PBXFrameworksBuildPhase section */

/* Begin PBXGroup section */
		5130C926214CA82300CF5825 = {
			isa = PBXGroup;
			children = (
				5130C931214CA82300CF5825 /* w04_McQuade_Michael */,
				5130C930214CA82300CF5825 /* Products */,
			);
			sourceTree = "<group>";
		};
		5130C930214CA82300CF5825 /* Products */ = {
			isa = PBXGroup;
			children = (
				5130C92F214CA82300CF5825 /* w04_McQuade_Michael.app */,
			);
			name = Products;
			sourceTree = "<group>";
		};
		5130C931214CA82300CF5825 /* w04_McQuade_Michael */ = {
			isa = PBXGroup;
			children = (
				5130C932214CA82300CF5825 /* AppDelegate.swift */,
				5130C934214CA82300CF5825 /* ViewController.swift */,
				5130C936214CA82300CF5825 /* Main.storyboard */,
				51A9D240214CB20400FECB69 /* gameViewController.swift */,
				5130C939214CA82400CF5825 /* Assets.xcassets */,
				5130C93B214CA82400CF5825 /* LaunchScreen.storyboard */,
				5130C93E214CA82400CF5825 /* Info.plist */,
				51A9D242214CC1A200FECB69 /* gameOverViewController.swift */,
			);
			path = w04_McQuade_Michael;
			sourceTree = "<group>";
		};
/* End PBXGroup section */

/* Begin PBXNativeTarget section */
		5130C92E214CA82300CF5825 /* w04_McQuade_Michael */ = {
			isa = PBXNativeTarget;
			buildConfigurationList = 5130C941214CA82400CF5825 /* Build configuration list for PBXNativeTarget "w04_McQuade_Michael" */;
			buildPhases = (
				5130C92B214CA82300CF5825 /* Sources */,
				5130C92C214CA82300CF5825 /* Frameworks */,
				5130C92D214CA82300CF5825 /* Resources */,
			);
			buildRules = (
			);
			dependencies = (
			);
			name = w04_McQuade_Michael;
			productName = w04_McQuade_Michael;
			productReference = 5130C92F214CA82300CF5825 /* w04_McQuade_Michael.app */;
			productType = "com.apple.product-type.application";
		};
/* End PBXNativeTarget section */

/* Begin PBXProject section */
		5130C927214CA82300CF5825 /* Project object */ = {
			isa = PBXProject;
			attributes = {
				LastSwiftUpdateCheck = 1000;
				LastUpgradeCheck = 1000;
				ORGANIZATIONNAME = "Michael McQuade";
				TargetAttributes = {
					5130C92E214CA82300CF5825 = {
						CreatedOnToolsVersion = 10.0;
					};
				};
			};
			buildConfigurationList = 5130C92A214CA82300CF5825 /* Build configuration list for PBXProject "w04_McQuade_Michael" */;
			compatibilityVersion = "Xcode 9.3";
			developmentRegion = en;
			hasScannedForEncodings = 0;
			knownRegions = (
				en,
				Base,
			);
			mainGroup = 5130C926214CA82300CF5825;
			productRefGroup = 5130C930214CA82300CF5825 /* Products */;
			projectDirPath = "";
			projectRoot = "";
			targets = (
				5130C92E214CA82300CF5825 /* w04_McQuade_Michael */,
			);
		};
/* End PBXProject section */

/* Begin PBXResourcesBuildPhase section */
		5130C92D214CA82300CF5825 /* Resources */ = {
			isa = PBXResourcesBuildPhase;
			buildActionMask = 2147483647;
			files = (
				5130C93D214CA82400CF5825 /* LaunchScreen.storyboard in Resources */,
				5130C93A214CA82400CF5825 /* Assets.xcassets in Resources */,
				5130C938214CA82300CF5825 /* Main.storyboard in Resources */,
			);
			runOnlyForDeploymentPostprocessing = 0;
		};
/* End PBXResourcesBuildPhase section */

/* Begin PBXSourcesBuildPhase section */
		5130C92B214CA82300CF5825 /* Sources */ = {
			isa = PBXSourcesBuildPhase;
			buildActionMask = 2147483647;
			files = (
				51A9D243214CC1A200FECB69 /* gameOverViewController.swift in Sources */,
				51A9D241214CB20400FECB69 /* gameViewController.swift in Sources */,
				5130C935214CA82300CF5825 /* ViewController.swift in Sources */,
				5130C933214CA82300CF5825 /* AppDelegate.swift in Sources */,
			);
			runOnlyForDeploymentPostprocessing = 0;
		};
/* End PBXSourcesBuildPhase section */

/* Begin PBXVariantGroup section */
		5130C936214CA82300CF5825 /* Main.storyboard */ = {
			isa = PBXVariantGroup;
			children = (
				5130C937214CA82300CF5825 /* Base */,
			);
			name = Main.storyboard;
			sourceTree = "<group>";
		};
		5130C93B214CA82400CF5825 /* LaunchScreen.storyboard */ = {
			isa = PBXVariantGroup;
			children = (
				5130C93C214CA82400CF5825 /* Base */,
			);
			name = LaunchScreen.storyboard;
			sourceTree = "<group>";
		};
/* End PBXVariantGroup section */

/* Begin XCBuildConfiguration section */
		5130C93F214CA82400CF5825 /* Debug */ = {
			isa = XCBuildConfiguration;
			buildSettings = {
				ALWAYS_SEARCH_USER_PATHS = NO;
				CLANG_ANALYZER_NONNULL = YES;
				CLANG_ANALYZER_NUMBER_OBJECT_CONVERSION = YES_AGGRESSIVE;
				CLANG_CXX_LANGUAGE_STANDARD = "gnu++14";
				CLANG_CXX_LIBRARY = "libc++";
				CLANG_ENABLE_MODULES = YES;
				CLANG_ENABLE_OBJC_ARC = YES;
				CLANG_ENABLE_OBJC_WEAK = YES;
				CLANG_WARN_BLOCK_CAPTURE_AUTORELEASING = YES;
				CLANG_WARN_BOOL_CONVERSION = YES;
				CLANG_WARN_COMMA = YES;
				CLANG_WARN_CONSTANT_CONVERSION = YES;
				CLANG_WARN_DEPRECATED_OBJC_IMPLEMENTATIONS = YES;
				CLANG_WARN_DIRECT_OBJC_ISA_USAGE = YES_ERROR;
				CLANG_WARN_DOCUMENTATION_COMMENTS = YES;
				CLANG_WARN_EMPTY_BODY = YES;
				CLANG_WARN_ENUM_CONVERSION = YES;
				CLANG_WARN_INFINITE_RECURSION = YES;
				CLANG_WARN_INT_CONVERSION = YES;
				CLANG_WARN_NON_LITERAL_NULL_CONVERSION = YES;
				CLANG_WARN_OBJC_IMPLICIT_RETAIN_SELF = YES;
				CLANG_WARN_OBJC_LITERAL_CONVERSION = YES;
				CLANG_WARN_OBJC_ROOT_CLASS = YES_ERROR;
				CLANG_WARN_RANGE_LOOP_ANALYSIS = YES;
				CLANG_WARN_STRICT_PROTOTYPES = YES;
				CLANG_WARN_SUSPICIOUS_MOVE = YES;
				CLANG_WARN_UNGUARDED_AVAILABILITY = YES_AGGRESSIVE;
				CLANG_WARN_UNREACHABLE_CODE = YES;
				CLANG_WARN__DUPLICATE_METHOD_MATCH = YES;
				CODE_SIGN_IDENTITY = "iPhone Developer";
				COPY_PHASE_STRIP = NO;
				DEBUG_INFORMATION_FORMAT = dwarf;
				ENABLE_STRICT_OBJC_MSGSEND = YES;
				ENABLE_TESTABILITY = YES;
				GCC_C_LANGUAGE_STANDARD = gnu11;
				GCC_DYNAMIC_NO_PIC = NO;
				GCC_NO_COMMON_BLOCKS = YES;
				GCC_OPTIMIZATION_LEVEL = 0;
				GCC_PREPROCESSOR_DEFINITIONS = (
					"DEBUG=1",
					"$(inherited)",
				);
				GCC_WARN_64_TO_32_BIT_CONVERSION = YES;
				GCC_WARN_ABOUT_RETURN_TYPE = YES_ERROR;
				GCC_WARN_UNDECLARED_SELECTOR = YES;
				GCC_WARN_UNINITIALIZED_AUTOS = YES_AGGRESSIVE;
				GCC_WARN_UNUSED_FUNCTION = YES;
				GCC_WARN_UNUSED_VARIABLE = YES;
				IPHONEOS_DEPLOYMENT_TARGET = 12.0;
				MTL_ENABLE_DEBUG_INFO = INCLUDE_SOURCE;
				MTL_FAST_MATH = YES;
				ONLY_ACTIVE_ARCH = YES;
				SDKROOT = iphoneos;
				SWIFT_ACTIVE_COMPILATION_CONDITIONS = DEBUG;
				SWIFT_OPTIMIZATION_LEVEL = "-Onone";
			};
			name = Debug;
		};
		5130C940214CA82400CF5825 /* Release */ = {
			isa = XCBuildConfiguration;
			buildSettings = {
				ALWAYS_SEARCH_USER_PATHS = NO;
				CLANG_ANALYZER_NONNULL = YES;
				CLANG_ANALYZER_NUMBER_OBJECT_CONVERSION = YES_AGGRESSIVE;
				CLANG_CXX_LANGUAGE_STANDARD = "gnu++14";
				CLANG_CXX_LIBRARY = "libc++";
				CLANG_ENABLE_MODULES = YES;
				CLANG_ENABLE_OBJC_ARC = YES;
				CLANG_ENABLE_OBJC_WEAK = YES;
				CLANG_WARN_BLOCK_CAPTURE_AUTORELEASING = YES;
				CLANG_WARN_BOOL_CONVERSION = YES;
				CLANG_WARN_COMMA = YES;
				CLANG_WARN_CONSTANT_CONVERSION = YES;
				CLANG_WARN_DEPRECATED_OBJC_IMPLEMENTATIONS = YES;
				CLANG_WARN_DIRECT_OBJC_ISA_USAGE = YES_ERROR;
				CLANG_WARN_DOCUMENTATION_COMMENTS = YES;
				CLANG_WARN_EMPTY_BODY = YES;
				CLANG_WARN_ENUM_CONVERSION = YES;
				CLANG_WARN_INFINITE_RECURSION = YES;
				CLANG_WARN_INT_CONVERSION = YES;
				CLANG_WARN_NON_LITERAL_NULL_CONVERSION = YES;
				CLANG_WARN_OBJC_IMPLICIT_RETAIN_SELF = YES;
				CLANG_WARN_OBJC_LITERAL_CONVERSION = YES;
				CLANG_WARN_OBJC_ROOT_CLASS = YES_ERROR;
				CLANG_WARN_RANGE_LOOP_ANALYSIS = YES;
				CLANG_WARN_STRICT_PROTOTYPES = YES;
				CLANG_WARN_SUSPICIOUS_MOVE = YES;
				CLANG_WARN_UNGUARDED_AVAILABILITY = YES_AGGRESSIVE;
				CLANG_WARN_UNREACHABLE_CODE = YES;
				CLANG_WARN__DUPLICATE_METHOD_MATCH = YES;
				CODE_SIGN_IDENTITY = "iPhone Developer";
				COPY_PHASE_STRIP = NO;
				DEBUG_INFORMATION_FORMAT = "dwarf-with-dsym";
				ENABLE_NS_ASSERTIONS = NO;
				ENABLE_STRICT_OBJC_MSGSEND = YES;
				GCC_C_LANGUAGE_STANDARD = gnu11;
				GCC_NO_COMMON_BLOCKS = YES;
				GCC_WARN_64_TO_32_BIT_CONVERSION = YES;
				GCC_WARN_ABOUT_RETURN_TYPE = YES_ERROR;
				GCC_WARN_UNDECLARED_SELECTOR = YES;
				GCC_WARN_UNINITIALIZED_AUTOS = YES_AGGRESSIVE;
				GCC_WARN_UNUSED_FUNCTION = YES;
				GCC_WARN_UNUSED_VARIABLE = YES;
				IPHONEOS_DEPLOYMENT_TARGET = 12.0;
				MTL_ENABLE_DEBUG_INFO = NO;
				MTL_FAST_MATH = YES;
				SDKROOT = iphoneos;
				SWIFT_COMPILATION_MODE = wholemodule;
				SWIFT_OPTIMIZATION_LEVEL = "-O";
				VALIDATE_PRODUCT = YES;
			};
			name = Release;
		};
		5130C942214CA82400CF5825 /* Debug */ = {
			isa = XCBuildConfiguration;
			buildSettings = {
				ASSETCATALOG_COMPILER_APPICON_NAME = AppIcon;
				CODE_SIGN_STYLE = Automatic;
				DEVELOPMENT_TEAM = R4VGXX56KF;
				INFOPLIST_FILE = w04_McQuade_Michael/Info.plist;
				IPHONEOS_DEPLOYMENT_TARGET = 11;
				LD_RUNPATH_SEARCH_PATHS = (
					"$(inherited)",
					"@executable_path/Frameworks",
				);
				PRODUCT_BUNDLE_IDENTIFIER = "edu.okstate.cs.w04-McQuade-Michael";
				PRODUCT_NAME = "$(TARGET_NAME)";
				SWIFT_VERSION = 4.2;
				TARGETED_DEVICE_FAMILY = "1,2";
			};
			name = Debug;
		};
		5130C943214CA82400CF5825 /* Release */ = {
			isa = XCBuildConfiguration;
			buildSettings = {
				ASSETCATALOG_COMPILER_APPICON_NAME = AppIcon;
				CODE_SIGN_STYLE = Automatic;
				DEVELOPMENT_TEAM = R4VGXX56KF;
				INFOPLIST_FILE = w04_McQuade_Michael/Info.plist;
				IPHONEOS_DEPLOYMENT_TARGET = 11;
				LD_RUNPATH_SEARCH_PATHS = (
					"$(inherited)",
					"@executable_path/Frameworks",
				);
				PRODUCT_BUNDLE_IDENTIFIER = "edu.okstate.cs.w04-McQuade-Michael";
				PRODUCT_NAME = "$(TARGET_NAME)";
				SWIFT_VERSION = 4.2;
				TARGETED_DEVICE_FAMILY = "1,2";
			};
			name = Release;
		};
/* End XCBuildConfiguration section */

/* Begin XCConfigurationList section */
		5130C92A214CA82300CF5825 /* Build configuration list for PBXProject "w04_McQuade_Michael" */ = {
			isa = XCConfigurationList;
			buildConfigurations = (
				5130C93F214CA82400CF5825 /* Debug */,
				5130C940214CA82400CF5825 /* Release */,
			);
			defaultConfigurationIsVisible = 0;
			defaultConfigurationName = Release;
		};
		5130C941214CA82400CF5825 /* Build configuration list for PBXNativeTarget "w04_McQuade_Michael" */ = {
			isa = XCConfigurationList;
			buildConfigurations = (
				5130C942214CA82400CF5825 /* Debug */,
				5130C943214CA82400CF5825 /* Release */,
			);
			defaultConfigurationIsVisible = 0;
			defaultConfigurationName = Release;
		};
/* End XCConfigurationList section */
	};
	rootObject = 5130C927214CA82300CF5825 /* Project object */;
}
