// !$*UTF8*$!
{
	archiveVersion = 1;
	classes = {
	};
	objectVersion = 56;
	objects = {

/* Begin PBXBuildFile section */
		51C2A9EB2AE44A0000469072 /* semester_project_McQuade_MichaelApp.swift in Sources */ = {isa = PBXBuildFile; fileRef = 51C2A9EA2AE44A0000469072 /* semester_project_McQuade_MichaelApp.swift */; };
		51C2A9ED2AE44A0000469072 /* ContentView.swift in Sources */ = {isa = PBXBuildFile; fileRef = 51C2A9EC2AE44A0000469072 /* ContentView.swift */; };
		51C2A9EF2AE44A0100469072 /* Assets.xcassets in Resources */ = {isa = PBXBuildFile; fileRef = 51C2A9EE2AE44A0100469072 /* Assets.xcassets */; };
		51C2A9F22AE44A0100469072 /* Preview Assets.xcassets in Resources */ = {isa = PBXBuildFile; fileRef = 51C2A9F12AE44A0100469072 /* Preview Assets.xcassets */; };
		51C2A9F92AE4794B00469072 /* ActiveWorkoutView.swift in Sources */ = {isa = PBXBuildFile; fileRef = 51C2A9F82AE4794B00469072 /* ActiveWorkoutView.swift */; };
		51C2A9FB2AE4798B00469072 /* Workout.swift in Sources */ = {isa = PBXBuildFile; fileRef = 51C2A9FA2AE4798B00469072 /* Workout.swift */; };
		51C2A9FD2AE479DA00469072 /* TODOView.swift in Sources */ = {isa = PBXBuildFile; fileRef = 51C2A9FC2AE479DA00469072 /* TODOView.swift */; };
		51C2A9FF2AE47A0500469072 /* StartWorkoutView.swift in Sources */ = {isa = PBXBuildFile; fileRef = 51C2A9FE2AE47A0500469072 /* StartWorkoutView.swift */; };
		51C2AA012AE47A8D00469072 /* WorkoutTimerView.swift in Sources */ = {isa = PBXBuildFile; fileRef = 51C2AA002AE47A8D00469072 /* WorkoutTimerView.swift */; };
/* End PBXBuildFile section */

/* Begin PBXFileReference section */
		51C2A9E72AE44A0000469072 /* semester_project_McQuade_Michael.app */ = {isa = PBXFileReference; explicitFileType = wrapper.application; includeInIndex = 0; path = semester_project_McQuade_Michael.app; sourceTree = BUILT_PRODUCTS_DIR; };
		51C2A9EA2AE44A0000469072 /* semester_project_McQuade_MichaelApp.swift */ = {isa = PBXFileReference; lastKnownFileType = sourcecode.swift; path = semester_project_McQuade_MichaelApp.swift; sourceTree = "<group>"; };
		51C2A9EC2AE44A0000469072 /* ContentView.swift */ = {isa = PBXFileReference; lastKnownFileType = sourcecode.swift; path = ContentView.swift; sourceTree = "<group>"; };
		51C2A9EE2AE44A0100469072 /* Assets.xcassets */ = {isa = PBXFileReference; lastKnownFileType = folder.assetcatalog; path = Assets.xcassets; sourceTree = "<group>"; };
		51C2A9F12AE44A0100469072 /* Preview Assets.xcassets */ = {isa = PBXFileReference; lastKnownFileType = folder.assetcatalog; path = "Preview Assets.xcassets"; sourceTree = "<group>"; };
		51C2A9F82AE4794B00469072 /* ActiveWorkoutView.swift */ = {isa = PBXFileReference; lastKnownFileType = sourcecode.swift; path = ActiveWorkoutView.swift; sourceTree = "<group>"; };
		51C2A9FA2AE4798B00469072 /* Workout.swift */ = {isa = PBXFileReference; lastKnownFileType = sourcecode.swift; path = Workout.swift; sourceTree = "<group>"; };
		51C2A9FC2AE479DA00469072 /* TODOView.swift */ = {isa = PBXFileReference; lastKnownFileType = sourcecode.swift; path = TODOView.swift; sourceTree = "<group>"; };
		51C2A9FE2AE47A0500469072 /* StartWorkoutView.swift */ = {isa = PBXFileReference; lastKnownFileType = sourcecode.swift; path = StartWorkoutView.swift; sourceTree = "<group>"; };
		51C2AA002AE47A8D00469072 /* WorkoutTimerView.swift */ = {isa = PBXFileReference; lastKnownFileType = sourcecode.swift; path = WorkoutTimerView.swift; sourceTree = "<group>"; };
/* End PBXFileReference section */

/* Begin PBXFrameworksBuildPhase section */
		51C2A9E42AE44A0000469072 /* Frameworks */ = {
			isa = PBXFrameworksBuildPhase;
			buildActionMask = 2147483647;
			files = (
			);
			runOnlyForDeploymentPostprocessing = 0;
		};
/* End PBXFrameworksBuildPhase section */

/* Begin PBXGroup section */
		51C2A9DE2AE44A0000469072 = {
			isa = PBXGroup;
			children = (
				51C2A9E92AE44A0000469072 /* semester_project_McQuade_Michael */,
				51C2A9E82AE44A0000469072 /* Products */,
			);
			sourceTree = "<group>";
		};
		51C2A9E82AE44A0000469072 /* Products */ = {
			isa = PBXGroup;
			children = (
				51C2A9E72AE44A0000469072 /* semester_project_McQuade_Michael.app */,
			);
			name = Products;
			sourceTree = "<group>";
		};
		51C2A9E92AE44A0000469072 /* semester_project_McQuade_Michael */ = {
			isa = PBXGroup;
			children = (
				51C2A9EC2AE44A0000469072 /* ContentView.swift */,
				51C2AA022AE47B1F00469072 /* Views */,
				51C2A9EA2AE44A0000469072 /* semester_project_McQuade_MichaelApp.swift */,
				51C2A9FA2AE4798B00469072 /* Workout.swift */,
				51C2A9EE2AE44A0100469072 /* Assets.xcassets */,
				51C2A9F02AE44A0100469072 /* Preview Content */,
			);
			path = semester_project_McQuade_Michael;
			sourceTree = "<group>";
		};
		51C2A9F02AE44A0100469072 /* Preview Content */ = {
			isa = PBXGroup;
			children = (
				51C2A9F12AE44A0100469072 /* Preview Assets.xcassets */,
			);
			path = "Preview Content";
			sourceTree = "<group>";
		};
		51C2AA022AE47B1F00469072 /* Views */ = {
			isa = PBXGroup;
			children = (
				51C2A9F82AE4794B00469072 /* ActiveWorkoutView.swift */,
				51C2AA002AE47A8D00469072 /* WorkoutTimerView.swift */,
				51C2A9FE2AE47A0500469072 /* StartWorkoutView.swift */,
				51C2A9FC2AE479DA00469072 /* TODOView.swift */,
			);
			path = Views;
			sourceTree = "<group>";
		};
/* End PBXGroup section */

/* Begin PBXNativeTarget section */
		51C2A9E62AE44A0000469072 /* semester_project_McQuade_Michael */ = {
			isa = PBXNativeTarget;
			buildConfigurationList = 51C2A9F52AE44A0100469072 /* Build configuration list for PBXNativeTarget "semester_project_McQuade_Michael" */;
			buildPhases = (
				51C2A9E32AE44A0000469072 /* Sources */,
				51C2A9E42AE44A0000469072 /* Frameworks */,
				51C2A9E52AE44A0000469072 /* Resources */,
			);
			buildRules = (
			);
			dependencies = (
			);
			name = semester_project_McQuade_Michael;
			productName = semester_project_McQuade_Michael;
			productReference = 51C2A9E72AE44A0000469072 /* semester_project_McQuade_Michael.app */;
			productType = "com.apple.product-type.application";
		};
/* End PBXNativeTarget section */

/* Begin PBXProject section */
		51C2A9DF2AE44A0000469072 /* Project object */ = {
			isa = PBXProject;
			attributes = {
				BuildIndependentTargetsInParallel = 1;
				LastSwiftUpdateCheck = 1430;
				LastUpgradeCheck = 1430;
				TargetAttributes = {
					51C2A9E62AE44A0000469072 = {
						CreatedOnToolsVersion = 14.3.1;
					};
				};
			};
			buildConfigurationList = 51C2A9E22AE44A0000469072 /* Build configuration list for PBXProject "semester_project_McQuade_Michael" */;
			compatibilityVersion = "Xcode 14.0";
			developmentRegion = en;
			hasScannedForEncodings = 0;
			knownRegions = (
				en,
				Base,
			);
			mainGroup = 51C2A9DE2AE44A0000469072;
			productRefGroup = 51C2A9E82AE44A0000469072 /* Products */;
			projectDirPath = "";
			projectRoot = "";
			targets = (
				51C2A9E62AE44A0000469072 /* semester_project_McQuade_Michael */,
			);
		};
/* End PBXProject section */

/* Begin PBXResourcesBuildPhase section */
		51C2A9E52AE44A0000469072 /* Resources */ = {
			isa = PBXResourcesBuildPhase;
			buildActionMask = 2147483647;
			files = (
				51C2A9F22AE44A0100469072 /* Preview Assets.xcassets in Resources */,
				51C2A9EF2AE44A0100469072 /* Assets.xcassets in Resources */,
			);
			runOnlyForDeploymentPostprocessing = 0;
		};
/* End PBXResourcesBuildPhase section */

/* Begin PBXSourcesBuildPhase section */
		51C2A9E32AE44A0000469072 /* Sources */ = {
			isa = PBXSourcesBuildPhase;
			buildActionMask = 2147483647;
			files = (
				51C2A9FD2AE479DA00469072 /* TODOView.swift in Sources */,
				51C2A9FF2AE47A0500469072 /* StartWorkoutView.swift in Sources */,
				51C2AA012AE47A8D00469072 /* WorkoutTimerView.swift in Sources */,
				51C2A9ED2AE44A0000469072 /* ContentView.swift in Sources */,
				51C2A9EB2AE44A0000469072 /* semester_project_McQuade_MichaelApp.swift in Sources */,
				51C2A9F92AE4794B00469072 /* ActiveWorkoutView.swift in Sources */,
				51C2A9FB2AE4798B00469072 /* Workout.swift in Sources */,
			);
			runOnlyForDeploymentPostprocessing = 0;
		};
/* End PBXSourcesBuildPhase section */

/* Begin XCBuildConfiguration section */
		51C2A9F32AE44A0100469072 /* Debug */ = {
			isa = XCBuildConfiguration;
			buildSettings = {
				ALWAYS_SEARCH_USER_PATHS = NO;
				CLANG_ANALYZER_NONNULL = YES;
				CLANG_ANALYZER_NUMBER_OBJECT_CONVERSION = YES_AGGRESSIVE;
				CLANG_CXX_LANGUAGE_STANDARD = "gnu++20";
				CLANG_ENABLE_MODULES = YES;
				CLANG_ENABLE_OBJC_ARC = YES;
				CLANG_ENABLE_OBJC_WEAK = YES;
				CLANG_WARN_BLOCK_CAPTURE_AUTORELEASING = YES;
				CLANG_WARN_BOOL_CONVERSION = YES;
				CLANG_WARN_COMMA = YES;
				CLANG_WARN_CONSTANT_CONVERSION = YES;
				CLANG_WARN_DEPRECATED_OBJC_IMPLEMENTATIONS = YES;
				CLANG_WARN_DIRECT_OBJC_ISA_USAGE = YES_ERROR;
				CLANG_WARN_DOCUMENTATION_COMMENTS = YES;
				CLANG_WARN_EMPTY_BODY = YES;
				CLANG_WARN_ENUM_CONVERSION = YES;
				CLANG_WARN_INFINITE_RECURSION = YES;
				CLANG_WARN_INT_CONVERSION = YES;
				CLANG_WARN_NON_LITERAL_NULL_CONVERSION = YES;
				CLANG_WARN_OBJC_IMPLICIT_RETAIN_SELF = YES;
				CLANG_WARN_OBJC_LITERAL_CONVERSION = YES;
				CLANG_WARN_OBJC_ROOT_CLASS = YES_ERROR;
				CLANG_WARN_QUOTED_INCLUDE_IN_FRAMEWORK_HEADER = YES;
				CLANG_WARN_RANGE_LOOP_ANALYSIS = YES;
				CLANG_WARN_STRICT_PROTOTYPES = YES;
				CLANG_WARN_SUSPICIOUS_MOVE = YES;
				CLANG_WARN_UNGUARDED_AVAILABILITY = YES_AGGRESSIVE;
				CLANG_WARN_UNREACHABLE_CODE = YES;
				CLANG_WARN__DUPLICATE_METHOD_MATCH = YES;
				COPY_PHASE_STRIP = NO;
				DEBUG_INFORMATION_FORMAT = dwarf;
				ENABLE_STRICT_OBJC_MSGSEND = YES;
				ENABLE_TESTABILITY = YES;
				GCC_C_LANGUAGE_STANDARD = gnu11;
				GCC_DYNAMIC_NO_PIC = NO;
				GCC_NO_COMMON_BLOCKS = YES;
				GCC_OPTIMIZATION_LEVEL = 0;
				GCC_PREPROCESSOR_DEFINITIONS = (
					"DEBUG=1",
					"$(inherited)",
				);
				GCC_WARN_64_TO_32_BIT_CONVERSION = YES;
				GCC_WARN_ABOUT_RETURN_TYPE = YES_ERROR;
				GCC_WARN_UNDECLARED_SELECTOR = YES;
				GCC_WARN_UNINITIALIZED_AUTOS = YES_AGGRESSIVE;
				GCC_WARN_UNUSED_FUNCTION = YES;
				GCC_WARN_UNUSED_VARIABLE = YES;
				IPHONEOS_DEPLOYMENT_TARGET = 16.4;
				MTL_ENABLE_DEBUG_INFO = INCLUDE_SOURCE;
				MTL_FAST_MATH = YES;
				ONLY_ACTIVE_ARCH = YES;
				SDKROOT = iphoneos;
				SWIFT_ACTIVE_COMPILATION_CONDITIONS = DEBUG;
				SWIFT_OPTIMIZATION_LEVEL = "-Onone";
			};
			name = Debug;
		};
		51C2A9F42AE44A0100469072 /* Release */ = {
			isa = XCBuildConfiguration;
			buildSettings = {
				ALWAYS_SEARCH_USER_PATHS = NO;
				CLANG_ANALYZER_NONNULL = YES;
				CLANG_ANALYZER_NUMBER_OBJECT_CONVERSION = YES_AGGRESSIVE;
				CLANG_CXX_LANGUAGE_STANDARD = "gnu++20";
				CLANG_ENABLE_MODULES = YES;
				CLANG_ENABLE_OBJC_ARC = YES;
				CLANG_ENABLE_OBJC_WEAK = YES;
				CLANG_WARN_BLOCK_CAPTURE_AUTORELEASING = YES;
				CLANG_WARN_BOOL_CONVERSION = YES;
				CLANG_WARN_COMMA = YES;
				CLANG_WARN_CONSTANT_CONVERSION = YES;
				CLANG_WARN_DEPRECATED_OBJC_IMPLEMENTATIONS = YES;
				CLANG_WARN_DIRECT_OBJC_ISA_USAGE = YES_ERROR;
				CLANG_WARN_DOCUMENTATION_COMMENTS = YES;
				CLANG_WARN_EMPTY_BODY = YES;
				CLANG_WARN_ENUM_CONVERSION = YES;
				CLANG_WARN_INFINITE_RECURSION = YES;
				CLANG_WARN_INT_CONVERSION = YES;
				CLANG_WARN_NON_LITERAL_NULL_CONVERSION = YES;
				CLANG_WARN_OBJC_IMPLICIT_RETAIN_SELF = YES;
				CLANG_WARN_OBJC_LITERAL_CONVERSION = YES;
				CLANG_WARN_OBJC_ROOT_CLASS = YES_ERROR;
				CLANG_WARN_QUOTED_INCLUDE_IN_FRAMEWORK_HEADER = YES;
				CLANG_WARN_RANGE_LOOP_ANALYSIS = YES;
				CLANG_WARN_STRICT_PROTOTYPES = YES;
				CLANG_WARN_SUSPICIOUS_MOVE = YES;
				CLANG_WARN_UNGUARDED_AVAILABILITY = YES_AGGRESSIVE;
				CLANG_WARN_UNREACHABLE_CODE = YES;
				CLANG_WARN__DUPLICATE_METHOD_MATCH = YES;
				COPY_PHASE_STRIP = NO;
				DEBUG_INFORMATION_FORMAT = "dwarf-with-dsym";
				ENABLE_NS_ASSERTIONS = NO;
				ENABLE_STRICT_OBJC_MSGSEND = YES;
				GCC_C_LANGUAGE_STANDARD = gnu11;
				GCC_NO_COMMON_BLOCKS = YES;
				GCC_WARN_64_TO_32_BIT_CONVERSION = YES;
				GCC_WARN_ABOUT_RETURN_TYPE = YES_ERROR;
				GCC_WARN_UNDECLARED_SELECTOR = YES;
				GCC_WARN_UNINITIALIZED_AUTOS = YES_AGGRESSIVE;
				GCC_WARN_UNUSED_FUNCTION = YES;
				GCC_WARN_UNUSED_VARIABLE = YES;
				IPHONEOS_DEPLOYMENT_TARGET = 16.4;
				MTL_ENABLE_DEBUG_INFO = NO;
				MTL_FAST_MATH = YES;
				SDKROOT = iphoneos;
				SWIFT_COMPILATION_MODE = wholemodule;
				SWIFT_OPTIMIZATION_LEVEL = "-O";
				VALIDATE_PRODUCT = YES;
			};
			name = Release;
		};
		51C2A9F62AE44A0100469072 /* Debug */ = {
			isa = XCBuildConfiguration;
			buildSettings = {
				ASSETCATALOG_COMPILER_APPICON_NAME = AppIcon;
				ASSETCATALOG_COMPILER_GLOBAL_ACCENT_COLOR_NAME = AccentColor;
				CODE_SIGN_STYLE = Automatic;
				CURRENT_PROJECT_VERSION = 1;
				DEVELOPMENT_ASSET_PATHS = "\"semester_project_McQuade_Michael/Preview Content\"";
				DEVELOPMENT_TEAM = R4VGXX56KF;
				ENABLE_PREVIEWS = YES;
				GENERATE_INFOPLIST_FILE = YES;
				INFOPLIST_KEY_UIApplicationSceneManifest_Generation = YES;
				INFOPLIST_KEY_UIApplicationSupportsIndirectInputEvents = YES;
				INFOPLIST_KEY_UILaunchScreen_Generation = YES;
				INFOPLIST_KEY_UISupportedInterfaceOrientations_iPad = "UIInterfaceOrientationPortrait UIInterfaceOrientationPortraitUpsideDown UIInterfaceOrientationLandscapeLeft UIInterfaceOrientationLandscapeRight";
				INFOPLIST_KEY_UISupportedInterfaceOrientations_iPhone = "UIInterfaceOrientationPortrait UIInterfaceOrientationLandscapeLeft UIInterfaceOrientationLandscapeRight";
				LD_RUNPATH_SEARCH_PATHS = (
					"$(inherited)",
					"@executable_path/Frameworks",
				);
				MARKETING_VERSION = 1.0;
				PRODUCT_BUNDLE_IDENTIFIER = "edu.uh.cs.semester-project-McQuade-Michael";
				PRODUCT_NAME = "$(TARGET_NAME)";
				SWIFT_EMIT_LOC_STRINGS = YES;
				SWIFT_VERSION = 5.0;
				TARGETED_DEVICE_FAMILY = "1,2";
			};
			name = Debug;
		};
		51C2A9F72AE44A0100469072 /* Release */ = {
			isa = XCBuildConfiguration;
			buildSettings = {
				ASSETCATALOG_COMPILER_APPICON_NAME = AppIcon;
				ASSETCATALOG_COMPILER_GLOBAL_ACCENT_COLOR_NAME = AccentColor;
				CODE_SIGN_STYLE = Automatic;
				CURRENT_PROJECT_VERSION = 1;
				DEVELOPMENT_ASSET_PATHS = "\"semester_project_McQuade_Michael/Preview Content\"";
				DEVELOPMENT_TEAM = R4VGXX56KF;
				ENABLE_PREVIEWS = YES;
				GENERATE_INFOPLIST_FILE = YES;
				INFOPLIST_KEY_UIApplicationSceneManifest_Generation = YES;
				INFOPLIST_KEY_UIApplicationSupportsIndirectInputEvents = YES;
				INFOPLIST_KEY_UILaunchScreen_Generation = YES;
				INFOPLIST_KEY_UISupportedInterfaceOrientations_iPad = "UIInterfaceOrientationPortrait UIInterfaceOrientationPortraitUpsideDown UIInterfaceOrientationLandscapeLeft UIInterfaceOrientationLandscapeRight";
				INFOPLIST_KEY_UISupportedInterfaceOrientations_iPhone = "UIInterfaceOrientationPortrait UIInterfaceOrientationLandscapeLeft UIInterfaceOrientationLandscapeRight";
				LD_RUNPATH_SEARCH_PATHS = (
					"$(inherited)",
					"@executable_path/Frameworks",
				);
				MARKETING_VERSION = 1.0;
				PRODUCT_BUNDLE_IDENTIFIER = "edu.uh.cs.semester-project-McQuade-Michael";
				PRODUCT_NAME = "$(TARGET_NAME)";
				SWIFT_EMIT_LOC_STRINGS = YES;
				SWIFT_VERSION = 5.0;
				TARGETED_DEVICE_FAMILY = "1,2";
			};
			name = Release;
		};
/* End XCBuildConfiguration section */

/* Begin XCConfigurationList section */
		51C2A9E22AE44A0000469072 /* Build configuration list for PBXProject "semester_project_McQuade_Michael" */ = {
			isa = XCConfigurationList;
			buildConfigurations = (
				51C2A9F32AE44A0100469072 /* Debug */,
				51C2A9F42AE44A0100469072 /* Release */,
			);
			defaultConfigurationIsVisible = 0;
			defaultConfigurationName = Release;
		};
		51C2A9F52AE44A0100469072 /* Build configuration list for PBXNativeTarget "semester_project_McQuade_Michael" */ = {
			isa = XCConfigurationList;
			buildConfigurations = (
				51C2A9F62AE44A0100469072 /* Debug */,
				51C2A9F72AE44A0100469072 /* Release */,
			);
			defaultConfigurationIsVisible = 0;
			defaultConfigurationName = Release;
		};
/* End XCConfigurationList section */
	};
	rootObject = 51C2A9DF2AE44A0000469072 /* Project object */;
}
